// !$*UTF8*$!
{
	archiveVersion = 1;
	classes = {
	};
	objectVersion = 50;
	objects = {

/* Begin PBXBuildFile section */
		158AE75F1D3FCA14110B3A80 /* Pods_Percent.framework in Frameworks */ = {isa = PBXBuildFile; fileRef = F694B76A0F5993BD9BC5430A /* Pods_Percent.framework */; };
		1C03841121D002090024C3B3 /* BaseData.swift in Sources */ = {isa = PBXBuildFile; fileRef = 1C03841021D002090024C3B3 /* BaseData.swift */; };
		1C03841321D0025F0024C3B3 /* UserData.swift in Sources */ = {isa = PBXBuildFile; fileRef = 1C03841221D0025F0024C3B3 /* UserData.swift */; };
		1C03841721D090F20024C3B3 /* RecommendData.swift in Sources */ = {isa = PBXBuildFile; fileRef = 1C03841621D090F20024C3B3 /* RecommendData.swift */; };
		1C03841921D09B220024C3B3 /* CircleIndicatorView.swift in Sources */ = {isa = PBXBuildFile; fileRef = 1C03841821D09B220024C3B3 /* CircleIndicatorView.swift */; };
		1C03841C21D1CDE80024C3B3 /* UserProfileViewController.swift in Sources */ = {isa = PBXBuildFile; fileRef = 1C03841B21D1CDE80024C3B3 /* UserProfileViewController.swift */; };
		1C03841E21D1DC1C0024C3B3 /* PictureData.swift in Sources */ = {isa = PBXBuildFile; fileRef = 1C03841D21D1DC1C0024C3B3 /* PictureData.swift */; };
		1C03842021D1EBE70024C3B3 /* UserPictureCollectionViewCell.swift in Sources */ = {isa = PBXBuildFile; fileRef = 1C03841F21D1EBE70024C3B3 /* UserPictureCollectionViewCell.swift */; };
		1C03842221D278C90024C3B3 /* UserProfileHeaderView.swift in Sources */ = {isa = PBXBuildFile; fileRef = 1C03842121D278C80024C3B3 /* UserProfileHeaderView.swift */; };
		1C03842521D28A050024C3B3 /* img_heart@3x.png in Resources */ = {isa = PBXBuildFile; fileRef = 1C03842321D28A050024C3B3 /* img_heart@3x.png */; };
		1C03842621D28A050024C3B3 /* img_star@3x.png in Resources */ = {isa = PBXBuildFile; fileRef = 1C03842421D28A050024C3B3 /* img_star@3x.png */; };
		1C5AC80121E3568B0007827D /* SettingsViewController.swift in Sources */ = {isa = PBXBuildFile; fileRef = 1C5AC80021E3568B0007827D /* SettingsViewController.swift */; };
		1C5AC80321E358090007827D /* PSwitchView.swift in Sources */ = {isa = PBXBuildFile; fileRef = 1C5AC80221E358090007827D /* PSwitchView.swift */; };
		1C5AC80D21E35D750007827D /* img_settings_6@3x.png in Resources */ = {isa = PBXBuildFile; fileRef = 1C5AC80421E35D740007827D /* img_settings_6@3x.png */; };
		1C5AC80E21E35D750007827D /* img_settings_3@3x.png in Resources */ = {isa = PBXBuildFile; fileRef = 1C5AC80521E35D740007827D /* img_settings_3@3x.png */; };
		1C5AC80F21E35D750007827D /* img_settings_2@3x.png in Resources */ = {isa = PBXBuildFile; fileRef = 1C5AC80621E35D750007827D /* img_settings_2@3x.png */; };
		1C5AC81021E35D750007827D /* img_settings_5@3x.png in Resources */ = {isa = PBXBuildFile; fileRef = 1C5AC80721E35D750007827D /* img_settings_5@3x.png */; };
		1C5AC81121E35D750007827D /* img_settings_8@3x.png in Resources */ = {isa = PBXBuildFile; fileRef = 1C5AC80821E35D750007827D /* img_settings_8@3x.png */; };
		1C5AC81221E35D750007827D /* img_settings_7@3x.png in Resources */ = {isa = PBXBuildFile; fileRef = 1C5AC80921E35D750007827D /* img_settings_7@3x.png */; };
		1C5AC81321E35D750007827D /* img_settings_4@3x.png in Resources */ = {isa = PBXBuildFile; fileRef = 1C5AC80A21E35D750007827D /* img_settings_4@3x.png */; };
		1C5AC81421E35D750007827D /* img_settings_1@3x.png in Resources */ = {isa = PBXBuildFile; fileRef = 1C5AC80B21E35D750007827D /* img_settings_1@3x.png */; };
		1C5AC81521E35D750007827D /* img_settings_9@3x.png in Resources */ = {isa = PBXBuildFile; fileRef = 1C5AC80C21E35D750007827D /* img_settings_9@3x.png */; };
		1C5AC81721E35D900007827D /* SettingsTableViewCell.swift in Sources */ = {isa = PBXBuildFile; fileRef = 1C5AC81621E35D900007827D /* SettingsTableViewCell.swift */; };
		1C5AC81921E37B7D0007827D /* SettingsData.swift in Sources */ = {isa = PBXBuildFile; fileRef = 1C5AC81821E37B7D0007827D /* SettingsData.swift */; };
		1C5AC81C21E39C4B0007827D /* BoardViewController.swift in Sources */ = {isa = PBXBuildFile; fileRef = 1C5AC81B21E39C4B0007827D /* BoardViewController.swift */; };
		1C5AC81E21E3A0F60007827D /* BoardData.swift in Sources */ = {isa = PBXBuildFile; fileRef = 1C5AC81D21E3A0F60007827D /* BoardData.swift */; };
		1C5AC82021E3A3EB0007827D /* BoardTableViewCell.swift in Sources */ = {isa = PBXBuildFile; fileRef = 1C5AC81F21E3A3EB0007827D /* BoardTableViewCell.swift */; };
		1C5AC82321E3ACC70007827D /* img_board_collapsed@3x.png in Resources */ = {isa = PBXBuildFile; fileRef = 1C5AC82121E3ACC70007827D /* img_board_collapsed@3x.png */; };
		1C5AC82421E3ACC70007827D /* img_board_expanded@3x.png in Resources */ = {isa = PBXBuildFile; fileRef = 1C5AC82221E3ACC70007827D /* img_board_expanded@3x.png */; };
		1C5AC83121E497BA0007827D /* IntroViewController.swift in Sources */ = {isa = PBXBuildFile; fileRef = 1C5AC83021E497BA0007827D /* IntroViewController.swift */; };
		1C5AC83321E49ADF0007827D /* img_intro_text@3x.png in Resources */ = {isa = PBXBuildFile; fileRef = 1C5AC83221E49ADF0007827D /* img_intro_text@3x.png */; };
		1C5AC83621E49BC50007827D /* img_intro_percent@3x.png in Resources */ = {isa = PBXBuildFile; fileRef = 1C5AC83421E49BC50007827D /* img_intro_percent@3x.png */; };
		1C5AC83721E49BC50007827D /* img_intro_heart@3x.png in Resources */ = {isa = PBXBuildFile; fileRef = 1C5AC83521E49BC50007827D /* img_intro_heart@3x.png */; };
		1C5AC83A21E4AF520007827D /* BasePopupViewController.swift in Sources */ = {isa = PBXBuildFile; fileRef = 1C5AC83921E4AF520007827D /* BasePopupViewController.swift */; };
		1C5AC83C21E4AFBE0007827D /* FindEmailPopupViewController.swift in Sources */ = {isa = PBXBuildFile; fileRef = 1C5AC83B21E4AFBE0007827D /* FindEmailPopupViewController.swift */; };
		1C5AC83E21E4CF1A0007827D /* FindPasswordPopupViewController.swift in Sources */ = {isa = PBXBuildFile; fileRef = 1C5AC83D21E4CF1A0007827D /* FindPasswordPopupViewController.swift */; };
		1C5AC84021E4D2490007827D /* img_login_background@2x.png in Resources */ = {isa = PBXBuildFile; fileRef = 1C5AC83F21E4D2490007827D /* img_login_background@2x.png */; };
		1C5AC84421E4D45C0007827D /* spoqa_han_sans_regular.ttf in Resources */ = {isa = PBXBuildFile; fileRef = 1C5AC84221E4D45C0007827D /* spoqa_han_sans_regular.ttf */; };
		1C5AC84521E4D45C0007827D /* spoqa_han_sans_bold.ttf in Resources */ = {isa = PBXBuildFile; fileRef = 1C5AC84321E4D45C0007827D /* spoqa_han_sans_bold.ttf */; };
		1C858D8B21C7733D00900481 /* AppDelegate.swift in Sources */ = {isa = PBXBuildFile; fileRef = 1C858D8A21C7733D00900481 /* AppDelegate.swift */; };
		1C858D9221C7733F00900481 /* Assets.xcassets in Resources */ = {isa = PBXBuildFile; fileRef = 1C858D9121C7733F00900481 /* Assets.xcassets */; };
		1C858D9521C7733F00900481 /* LaunchScreen.storyboard in Resources */ = {isa = PBXBuildFile; fileRef = 1C858D9321C7733F00900481 /* LaunchScreen.storyboard */; };
		1C858DA321C780D500900481 /* img_login_icon@3x.png in Resources */ = {isa = PBXBuildFile; fileRef = 1C858D9F21C780D500900481 /* img_login_icon@3x.png */; };
		1C858DA521C780D500900481 /* img_login_lock@3x.png in Resources */ = {isa = PBXBuildFile; fileRef = 1C858DA121C780D500900481 /* img_login_lock@3x.png */; };
		1C858DA621C780D500900481 /* img_login_mail@3x.png in Resources */ = {isa = PBXBuildFile; fileRef = 1C858DA221C780D500900481 /* img_login_mail@3x.png */; };
		1C858DA921C7813100900481 /* BaseViewController.swift in Sources */ = {isa = PBXBuildFile; fileRef = 1C858DA821C7813100900481 /* BaseViewController.swift */; };
		1C858DAD21C7818E00900481 /* LoadingIndicatorView.swift in Sources */ = {isa = PBXBuildFile; fileRef = 1C858DAC21C7818E00900481 /* LoadingIndicatorView.swift */; };
		1C858DB521C7877800900481 /* LoginViewController.swift in Sources */ = {isa = PBXBuildFile; fileRef = 1C858DB421C7877800900481 /* LoginViewController.swift */; };
		1C858E2C21C870F100900481 /* MainViewController.swift in Sources */ = {isa = PBXBuildFile; fileRef = 1C858E2B21C870F100900481 /* MainViewController.swift */; };
		1C858E2E21C870FE00900481 /* MainTabbarView.swift in Sources */ = {isa = PBXBuildFile; fileRef = 1C858E2D21C870FE00900481 /* MainTabbarView.swift */; };
		1C858E3921C872C900900481 /* img_tab_3_nor@3x.png in Resources */ = {isa = PBXBuildFile; fileRef = 1C858E2F21C872C800900481 /* img_tab_3_nor@3x.png */; };
		1C858E3A21C872C900900481 /* img_tab_4_sel@3x.png in Resources */ = {isa = PBXBuildFile; fileRef = 1C858E3021C872C800900481 /* img_tab_4_sel@3x.png */; };
		1C858E3B21C872C900900481 /* img_tab_2_sel@3x.png in Resources */ = {isa = PBXBuildFile; fileRef = 1C858E3121C872C800900481 /* img_tab_2_sel@3x.png */; };
		1C858E3C21C872C900900481 /* img_tab_3_sel@3x.png in Resources */ = {isa = PBXBuildFile; fileRef = 1C858E3221C872C800900481 /* img_tab_3_sel@3x.png */; };
		1C858E3D21C872C900900481 /* img_tab_1_nor@3x.png in Resources */ = {isa = PBXBuildFile; fileRef = 1C858E3321C872C900900481 /* img_tab_1_nor@3x.png */; };
		1C858E3E21C872C900900481 /* img_tab_2_nor@3x.png in Resources */ = {isa = PBXBuildFile; fileRef = 1C858E3421C872C900900481 /* img_tab_2_nor@3x.png */; };
		1C858E3F21C872C900900481 /* img_tab_1_sel@3x.png in Resources */ = {isa = PBXBuildFile; fileRef = 1C858E3521C872C900900481 /* img_tab_1_sel@3x.png */; };
		1C858E4021C872C900900481 /* img_tab_4_nor@3x.png in Resources */ = {isa = PBXBuildFile; fileRef = 1C858E3621C872C900900481 /* img_tab_4_nor@3x.png */; };
		1C858E4121C872C900900481 /* img_tab_5_nor@3x.png in Resources */ = {isa = PBXBuildFile; fileRef = 1C858E3721C872C900900481 /* img_tab_5_nor@3x.png */; };
		1C858E4221C872C900900481 /* img_tab_5_sel@3x.png in Resources */ = {isa = PBXBuildFile; fileRef = 1C858E3821C872C900900481 /* img_tab_5_sel@3x.png */; };
		1C858E5221C8F15F00900481 /* BaseNavigationController.swift in Sources */ = {isa = PBXBuildFile; fileRef = 1C858E5121C8F15E00900481 /* BaseNavigationController.swift */; };
		1C858E5421C8F6EF00900481 /* ProfileButton.swift in Sources */ = {isa = PBXBuildFile; fileRef = 1C858E5321C8F6EF00900481 /* ProfileButton.swift */; };
		1C858E5621C9036200900481 /* img_cherry@3x.png in Resources */ = {isa = PBXBuildFile; fileRef = 1C858E5521C9036100900481 /* img_cherry@3x.png */; };
		1CA5876E21E5D8BD002B60F2 /* AlertPopupViewController.swift in Sources */ = {isa = PBXBuildFile; fileRef = 1CA5876D21E5D8BD002B60F2 /* AlertPopupViewController.swift */; };
		1CA5877121E5DCF4002B60F2 /* SignupGuideViewController.swift in Sources */ = {isa = PBXBuildFile; fileRef = 1CA5877021E5DCF4002B60F2 /* SignupGuideViewController.swift */; };
		1CA5877321E5DE1A002B60F2 /* SignupGuideTableViewCell.swift in Sources */ = {isa = PBXBuildFile; fileRef = 1CA5877221E5DE1A002B60F2 /* SignupGuideTableViewCell.swift */; };
		1CA5877521E5EAED002B60F2 /* BaseSignupViewController.swift in Sources */ = {isa = PBXBuildFile; fileRef = 1CA5877421E5EAED002B60F2 /* BaseSignupViewController.swift */; };
		1CA5877721E5EDB1002B60F2 /* SignupTermsViewController.swift in Sources */ = {isa = PBXBuildFile; fileRef = 1CA5877621E5EDB1002B60F2 /* SignupTermsViewController.swift */; };
		1CA5877921E5EDF8002B60F2 /* SignupTermsTableViewCell.swift in Sources */ = {isa = PBXBuildFile; fileRef = 1CA5877821E5EDF8002B60F2 /* SignupTermsTableViewCell.swift */; };
		1CA5877C21E5F09F002B60F2 /* img_check_nor@3x.png in Resources */ = {isa = PBXBuildFile; fileRef = 1CA5877A21E5F09F002B60F2 /* img_check_nor@3x.png */; };
		1CA5877D21E5F09F002B60F2 /* img_check_sel@3x.png in Resources */ = {isa = PBXBuildFile; fileRef = 1CA5877B21E5F09F002B60F2 /* img_check_sel@3x.png */; };
		1CA5877F21E5F801002B60F2 /* SignupTermsDetailViewController.swift in Sources */ = {isa = PBXBuildFile; fileRef = 1CA5877E21E5F801002B60F2 /* SignupTermsDetailViewController.swift */; };
		1CA5878121E5F9A5002B60F2 /* TermsData.swift in Sources */ = {isa = PBXBuildFile; fileRef = 1CA5878021E5F9A5002B60F2 /* TermsData.swift */; };
		1CA5878321E5FEB1002B60F2 /* SignupIdVieWController.swift in Sources */ = {isa = PBXBuildFile; fileRef = 1CA5878221E5FEB1002B60F2 /* SignupIdVieWController.swift */; };
		1CA5878721E6173C002B60F2 /* SignupStepViewController.swift in Sources */ = {isa = PBXBuildFile; fileRef = 1CA5878621E6173C002B60F2 /* SignupStepViewController.swift */; };
		1CA5878921E63594002B60F2 /* SignupProfileViewController.swift in Sources */ = {isa = PBXBuildFile; fileRef = 1CA5878821E63594002B60F2 /* SignupProfileViewController.swift */; };
		1CA5878B21E63775002B60F2 /* SignupNavigationViewController.swift in Sources */ = {isa = PBXBuildFile; fileRef = 1CA5878A21E63775002B60F2 /* SignupNavigationViewController.swift */; };
		1CA5878D21E6DB79002B60F2 /* SignupNavigationBarView.swift in Sources */ = {isa = PBXBuildFile; fileRef = 1CA5878C21E6DB79002B60F2 /* SignupNavigationBarView.swift */; };
		1CA5878F21E6FAFA002B60F2 /* BaseSignupStepsViewController.swift in Sources */ = {isa = PBXBuildFile; fileRef = 1CA5878E21E6FAFA002B60F2 /* BaseSignupStepsViewController.swift */; };
		1CA5879121E6FCD8002B60F2 /* SignupProfileEntryView.swift in Sources */ = {isa = PBXBuildFile; fileRef = 1CA5879021E6FCD8002B60F2 /* SignupProfileEntryView.swift */; };
		1CA5879421E6FDD8002B60F2 /* img_validation_checked@3x.png in Resources */ = {isa = PBXBuildFile; fileRef = 1CA5879221E6FDD7002B60F2 /* img_validation_checked@3x.png */; };
		1CA5879521E6FDD8002B60F2 /* img_validation_unchecked@3x.png in Resources */ = {isa = PBXBuildFile; fileRef = 1CA5879321E6FDD7002B60F2 /* img_validation_unchecked@3x.png */; };
		1CAC5A8B21E718C2002A0A4E /* SignupProfileSpecsViewController.swift in Sources */ = {isa = PBXBuildFile; fileRef = 1CAC5A8A21E718C2002A0A4E /* SignupProfileSpecsViewController.swift */; };
		1CAC5A8D21E71FC8002A0A4E /* SignupProfilePictureCollectionViewCell.swift in Sources */ = {isa = PBXBuildFile; fileRef = 1CAC5A8C21E71FC8002A0A4E /* SignupProfilePictureCollectionViewCell.swift */; };
		1CAC5A8F21E721E9002A0A4E /* img_plus@3x.png in Resources */ = {isa = PBXBuildFile; fileRef = 1CAC5A8E21E721E9002A0A4E /* img_plus@3x.png */; };
		1CAC5A9221E72344002A0A4E /* UserPayload.swift in Sources */ = {isa = PBXBuildFile; fileRef = 1CAC5A9121E72344002A0A4E /* UserPayload.swift */; };
		1CB542FD21DF44E300B37EAE /* QTextAttributes.swift in Sources */ = {isa = PBXBuildFile; fileRef = 1CB542F721DF44E300B37EAE /* QTextAttributes.swift */; };
		1CB542FE21DF44E300B37EAE /* QDataManager.swift in Sources */ = {isa = PBXBuildFile; fileRef = 1CB542F821DF44E300B37EAE /* QDataManager.swift */; };
		1CB542FF21DF44E300B37EAE /* QImageMaker.swift in Sources */ = {isa = PBXBuildFile; fileRef = 1CB542F921DF44E300B37EAE /* QImageMaker.swift */; };
		1CB5430021DF44E300B37EAE /* QUtils.swift in Sources */ = {isa = PBXBuildFile; fileRef = 1CB542FA21DF44E300B37EAE /* QUtils.swift */; };
		1CB5430121DF44E300B37EAE /* QUrlReachablility.swift in Sources */ = {isa = PBXBuildFile; fileRef = 1CB542FB21DF44E300B37EAE /* QUrlReachablility.swift */; };
		1CB5430221DF44E300B37EAE /* QHttpClient.swift in Sources */ = {isa = PBXBuildFile; fileRef = 1CB542FC21DF44E300B37EAE /* QHttpClient.swift */; };
		1CB5430721DF472B00B37EAE /* Strings.swift in Sources */ = {isa = PBXBuildFile; fileRef = 1CB5430421DF472A00B37EAE /* Strings.swift */; };
		1CB5430821DF472B00B37EAE /* Defines.swift in Sources */ = {isa = PBXBuildFile; fileRef = 1CB5430521DF472A00B37EAE /* Defines.swift */; };
		1CB5430921DF472B00B37EAE /* Urls.swift in Sources */ = {isa = PBXBuildFile; fileRef = 1CB5430621DF472A00B37EAE /* Urls.swift */; };
		1CB5430F21DF473300B37EAE /* Date.swift in Sources */ = {isa = PBXBuildFile; fileRef = 1CB5430B21DF473200B37EAE /* Date.swift */; };
		1CB5431021DF473300B37EAE /* Others.swift in Sources */ = {isa = PBXBuildFile; fileRef = 1CB5430C21DF473200B37EAE /* Others.swift */; };
		1CB5431121DF473300B37EAE /* Image.swift in Sources */ = {isa = PBXBuildFile; fileRef = 1CB5430D21DF473200B37EAE /* Image.swift */; };
		1CB5431221DF473300B37EAE /* Application.swift in Sources */ = {isa = PBXBuildFile; fileRef = 1CB5430E21DF473200B37EAE /* Application.swift */; };
		1CB5432E21DF473B00B37EAE /* NSObject+SBJson.m in Sources */ = {isa = PBXBuildFile; fileRef = 1CB5431421DF473A00B37EAE /* NSObject+SBJson.m */; };
		1CB5432F21DF473B00B37EAE /* SBJsonStreamParser.m in Sources */ = {isa = PBXBuildFile; fileRef = 1CB5431D21DF473A00B37EAE /* SBJsonStreamParser.m */; };
		1CB5433021DF473B00B37EAE /* SBJsonParser.m in Sources */ = {isa = PBXBuildFile; fileRef = 1CB5431E21DF473A00B37EAE /* SBJsonParser.m */; };
		1CB5433121DF473B00B37EAE /* SBJsonStreamParserAccumulator.m in Sources */ = {isa = PBXBuildFile; fileRef = 1CB5431F21DF473A00B37EAE /* SBJsonStreamParserAccumulator.m */; };
		1CB5433221DF473B00B37EAE /* SBJsonUTF8Stream.m in Sources */ = {isa = PBXBuildFile; fileRef = 1CB5432021DF473A00B37EAE /* SBJsonUTF8Stream.m */; };
		1CB5433321DF473B00B37EAE /* SBJsonStreamParserState.m in Sources */ = {isa = PBXBuildFile; fileRef = 1CB5432121DF473A00B37EAE /* SBJsonStreamParserState.m */; };
		1CB5433421DF473B00B37EAE /* SBJsonWriter.m in Sources */ = {isa = PBXBuildFile; fileRef = 1CB5432321DF473A00B37EAE /* SBJsonWriter.m */; };
		1CB5433521DF473B00B37EAE /* SBJsonStreamWriter.m in Sources */ = {isa = PBXBuildFile; fileRef = 1CB5432421DF473A00B37EAE /* SBJsonStreamWriter.m */; };
		1CB5433621DF473B00B37EAE /* SBJsonStreamParserAdapter.m in Sources */ = {isa = PBXBuildFile; fileRef = 1CB5432521DF473A00B37EAE /* SBJsonStreamParserAdapter.m */; };
		1CB5433721DF473B00B37EAE /* SBJson.zip in Resources */ = {isa = PBXBuildFile; fileRef = 1CB5432621DF473A00B37EAE /* SBJson.zip */; };
		1CB5433821DF473B00B37EAE /* SBJsonStreamWriterAccumulator.m in Sources */ = {isa = PBXBuildFile; fileRef = 1CB5432721DF473A00B37EAE /* SBJsonStreamWriterAccumulator.m */; };
		1CB5433921DF473B00B37EAE /* SBJsonStreamWriterState.m in Sources */ = {isa = PBXBuildFile; fileRef = 1CB5432A21DF473A00B37EAE /* SBJsonStreamWriterState.m */; };
		1CB5433A21DF473B00B37EAE /* SBJsonTokeniser.m in Sources */ = {isa = PBXBuildFile; fileRef = 1CB5432B21DF473A00B37EAE /* SBJsonTokeniser.m */; };
		1CB5433D21DF4D4800B37EAE /* loader.json in Resources */ = {isa = PBXBuildFile; fileRef = 1CB5433C21DF4D4800B37EAE /* loader.json */; };
		1CC9B5F221DC52B8008C22B8 /* MyPageViewController.swift in Sources */ = {isa = PBXBuildFile; fileRef = 1CC9B5F121DC52B8008C22B8 /* MyPageViewController.swift */; };
		1CC9B60221DC537F008C22B8 /* MyPageTableViewCell.swift in Sources */ = {isa = PBXBuildFile; fileRef = 1CC9B60121DC537F008C22B8 /* MyPageTableViewCell.swift */; };
		1CC9B60421DC6DD4008C22B8 /* BaseMainViewController.swift in Sources */ = {isa = PBXBuildFile; fileRef = 1CC9B60321DC6DD4008C22B8 /* BaseMainViewController.swift */; };
		1CE69AA021D5AF6200B9FE4A /* BarIndicatorView.swift in Sources */ = {isa = PBXBuildFile; fileRef = 1CE69A9F21D5AF6200B9FE4A /* BarIndicatorView.swift */; };
		1CE69AAA21D896D600B9FE4A /* UserProfileStatsView.swift in Sources */ = {isa = PBXBuildFile; fileRef = 1CE69AA921D896D600B9FE4A /* UserProfileStatsView.swift */; };
		1CE69AB121D8EEC100B9FE4A /* img_profile_2@3x.png in Resources */ = {isa = PBXBuildFile; fileRef = 1CE69AAB21D8EEC000B9FE4A /* img_profile_2@3x.png */; };
		1CE69AB221D8EEC100B9FE4A /* img_profile_3@3x.png in Resources */ = {isa = PBXBuildFile; fileRef = 1CE69AAC21D8EEC000B9FE4A /* img_profile_3@3x.png */; };
		1CE69AB321D8EEC100B9FE4A /* img_profile_4@3x.png in Resources */ = {isa = PBXBuildFile; fileRef = 1CE69AAD21D8EEC000B9FE4A /* img_profile_4@3x.png */; };
		1CE69AB421D8EEC100B9FE4A /* img_profile_1@3x.png in Resources */ = {isa = PBXBuildFile; fileRef = 1CE69AAE21D8EEC000B9FE4A /* img_profile_1@3x.png */; };
		1CE69AB521D8EEC100B9FE4A /* img_profile_5@3x.png in Resources */ = {isa = PBXBuildFile; fileRef = 1CE69AAF21D8EEC000B9FE4A /* img_profile_5@3x.png */; };
		1CE69AB621D8EEC100B9FE4A /* img_profile_6@3x.png in Resources */ = {isa = PBXBuildFile; fileRef = 1CE69AB021D8EEC000B9FE4A /* img_profile_6@3x.png */; };
		1CE69AB821D91C6A00B9FE4A /* UserProfileTableViewCell.swift in Sources */ = {isa = PBXBuildFile; fileRef = 1CE69AB721D91C6A00B9FE4A /* UserProfileTableViewCell.swift */; };
		1CE69ACD21D9B8F100B9FE4A /* ChatViewController.swift in Sources */ = {isa = PBXBuildFile; fileRef = 1CE69ACC21D9B8F100B9FE4A /* ChatViewController.swift */; };
		1CE69ACF21D9B8FE00B9FE4A /* ChatTableViewCell.swift in Sources */ = {isa = PBXBuildFile; fileRef = 1CE69ACE21D9B8FE00B9FE4A /* ChatTableViewCell.swift */; };
		1CE69AE221DA43B900B9FE4A /* CategoryTableViewCell.swift in Sources */ = {isa = PBXBuildFile; fileRef = 1CE69AE021DA43B800B9FE4A /* CategoryTableViewCell.swift */; };
		1CE69AE321DA43B900B9FE4A /* CategoryViewController.swift in Sources */ = {isa = PBXBuildFile; fileRef = 1CE69AE121DA43B800B9FE4A /* CategoryViewController.swift */; };
		1CE69AE621DA43D000B9FE4A /* FavouriteCollectionViewCell.swift in Sources */ = {isa = PBXBuildFile; fileRef = 1CE69AE421DA43CF00B9FE4A /* FavouriteCollectionViewCell.swift */; };
		1CE69AE721DA43D000B9FE4A /* FavouriteViewController.swift in Sources */ = {isa = PBXBuildFile; fileRef = 1CE69AE521DA43D000B9FE4A /* FavouriteViewController.swift */; };
		1CE69AEB21DA457A00B9FE4A /* SearchConditionViewController.swift in Sources */ = {isa = PBXBuildFile; fileRef = 1CE69AE821DA457A00B9FE4A /* SearchConditionViewController.swift */; };
		1CE69AEC21DA457A00B9FE4A /* ChoiceViewController.swift in Sources */ = {isa = PBXBuildFile; fileRef = 1CE69AE921DA457A00B9FE4A /* ChoiceViewController.swift */; };
		1CE69AED21DA457A00B9FE4A /* SearchResultsViewController.swift in Sources */ = {isa = PBXBuildFile; fileRef = 1CE69AEA21DA457A00B9FE4A /* SearchResultsViewController.swift */; };
		1CE69AF021DA458F00B9FE4A /* RecommendsCollectionViewCell.swift in Sources */ = {isa = PBXBuildFile; fileRef = 1CE69AEE21DA458F00B9FE4A /* RecommendsCollectionViewCell.swift */; };
		1CE69AF121DA458F00B9FE4A /* RecommendsViewController.swift in Sources */ = {isa = PBXBuildFile; fileRef = 1CE69AEF21DA458F00B9FE4A /* RecommendsViewController.swift */; };
		1CE69AF421DB5CBB00B9FE4A /* ChatListTableViewCell.swift in Sources */ = {isa = PBXBuildFile; fileRef = 1CE69AF221DB5CBB00B9FE4A /* ChatListTableViewCell.swift */; };
		1CE69AF521DB5CBB00B9FE4A /* ChatListViewController.swift in Sources */ = {isa = PBXBuildFile; fileRef = 1CE69AF321DB5CBB00B9FE4A /* ChatListViewController.swift */; };
		1CE69AF721DB71B200B9FE4A /* CategoryData.swift in Sources */ = {isa = PBXBuildFile; fileRef = 1CE69AF621DB71B100B9FE4A /* CategoryData.swift */; };
		1CE69AF921DBA47E00B9FE4A /* CherryButton.swift in Sources */ = {isa = PBXBuildFile; fileRef = 1CE69AF821DBA47E00B9FE4A /* CherryButton.swift */; };
		1CE69AFB21DBC08900B9FE4A /* ChatListSegmentView.swift in Sources */ = {isa = PBXBuildFile; fileRef = 1CE69AFA21DBC08900B9FE4A /* ChatListSegmentView.swift */; };
		1CE69AFD21DBCBF300B9FE4A /* ChatListData.swift in Sources */ = {isa = PBXBuildFile; fileRef = 1CE69AFC21DBCBF300B9FE4A /* ChatListData.swift */; };
		1CE69AFF21DBCC3000B9FE4A /* ChatData.swift in Sources */ = {isa = PBXBuildFile; fileRef = 1CE69AFE21DBCC3000B9FE4A /* ChatData.swift */; };
		1CE9653721DC77D000334B4A /* img_mypage_4@3x.png in Resources */ = {isa = PBXBuildFile; fileRef = 1CE9653021DC77D000334B4A /* img_mypage_4@3x.png */; };
		1CE9653821DC77D000334B4A /* img_mypage_6@3x.png in Resources */ = {isa = PBXBuildFile; fileRef = 1CE9653121DC77D000334B4A /* img_mypage_6@3x.png */; };
		1CE9653921DC77D000334B4A /* img_mypage_2@3x.png in Resources */ = {isa = PBXBuildFile; fileRef = 1CE9653221DC77D000334B4A /* img_mypage_2@3x.png */; };
		1CE9653A21DC77D000334B4A /* img_mypage_1@3x.png in Resources */ = {isa = PBXBuildFile; fileRef = 1CE9653321DC77D000334B4A /* img_mypage_1@3x.png */; };
		1CE9653B21DC77D000334B4A /* img_mypage_7@3x.png in Resources */ = {isa = PBXBuildFile; fileRef = 1CE9653421DC77D000334B4A /* img_mypage_7@3x.png */; };
		1CE9653C21DC77D000334B4A /* img_mypage_5@3x.png in Resources */ = {isa = PBXBuildFile; fileRef = 1CE9653521DC77D000334B4A /* img_mypage_5@3x.png */; };
		1CE9653D21DC77D000334B4A /* img_mypage_3@3x.png in Resources */ = {isa = PBXBuildFile; fileRef = 1CE9653621DC77D000334B4A /* img_mypage_3@3x.png */; };
/* End PBXBuildFile section */

/* Begin PBXFileReference section */
		1C03841021D002090024C3B3 /* BaseData.swift */ = {isa = PBXFileReference; lastKnownFileType = sourcecode.swift; path = BaseData.swift; sourceTree = "<group>"; };
		1C03841221D0025F0024C3B3 /* UserData.swift */ = {isa = PBXFileReference; lastKnownFileType = sourcecode.swift; path = UserData.swift; sourceTree = "<group>"; };
		1C03841621D090F20024C3B3 /* RecommendData.swift */ = {isa = PBXFileReference; lastKnownFileType = sourcecode.swift; path = RecommendData.swift; sourceTree = "<group>"; };
		1C03841821D09B220024C3B3 /* CircleIndicatorView.swift */ = {isa = PBXFileReference; lastKnownFileType = sourcecode.swift; path = CircleIndicatorView.swift; sourceTree = "<group>"; };
		1C03841B21D1CDE80024C3B3 /* UserProfileViewController.swift */ = {isa = PBXFileReference; lastKnownFileType = sourcecode.swift; path = UserProfileViewController.swift; sourceTree = "<group>"; };
		1C03841D21D1DC1C0024C3B3 /* PictureData.swift */ = {isa = PBXFileReference; lastKnownFileType = sourcecode.swift; path = PictureData.swift; sourceTree = "<group>"; };
		1C03841F21D1EBE70024C3B3 /* UserPictureCollectionViewCell.swift */ = {isa = PBXFileReference; lastKnownFileType = sourcecode.swift; path = UserPictureCollectionViewCell.swift; sourceTree = "<group>"; };
		1C03842121D278C80024C3B3 /* UserProfileHeaderView.swift */ = {isa = PBXFileReference; lastKnownFileType = sourcecode.swift; path = UserProfileHeaderView.swift; sourceTree = "<group>"; };
		1C03842321D28A050024C3B3 /* img_heart@3x.png */ = {isa = PBXFileReference; lastKnownFileType = image.png; path = "img_heart@3x.png"; sourceTree = "<group>"; };
		1C03842421D28A050024C3B3 /* img_star@3x.png */ = {isa = PBXFileReference; lastKnownFileType = image.png; path = "img_star@3x.png"; sourceTree = "<group>"; };
		1C5AC80021E3568B0007827D /* SettingsViewController.swift */ = {isa = PBXFileReference; lastKnownFileType = sourcecode.swift; path = SettingsViewController.swift; sourceTree = "<group>"; };
		1C5AC80221E358090007827D /* PSwitchView.swift */ = {isa = PBXFileReference; lastKnownFileType = sourcecode.swift; path = PSwitchView.swift; sourceTree = "<group>"; };
		1C5AC80421E35D740007827D /* img_settings_6@3x.png */ = {isa = PBXFileReference; lastKnownFileType = image.png; path = "img_settings_6@3x.png"; sourceTree = "<group>"; };
		1C5AC80521E35D740007827D /* img_settings_3@3x.png */ = {isa = PBXFileReference; lastKnownFileType = image.png; path = "img_settings_3@3x.png"; sourceTree = "<group>"; };
		1C5AC80621E35D750007827D /* img_settings_2@3x.png */ = {isa = PBXFileReference; lastKnownFileType = image.png; path = "img_settings_2@3x.png"; sourceTree = "<group>"; };
		1C5AC80721E35D750007827D /* img_settings_5@3x.png */ = {isa = PBXFileReference; lastKnownFileType = image.png; path = "img_settings_5@3x.png"; sourceTree = "<group>"; };
		1C5AC80821E35D750007827D /* img_settings_8@3x.png */ = {isa = PBXFileReference; lastKnownFileType = image.png; path = "img_settings_8@3x.png"; sourceTree = "<group>"; };
		1C5AC80921E35D750007827D /* img_settings_7@3x.png */ = {isa = PBXFileReference; lastKnownFileType = image.png; path = "img_settings_7@3x.png"; sourceTree = "<group>"; };
		1C5AC80A21E35D750007827D /* img_settings_4@3x.png */ = {isa = PBXFileReference; lastKnownFileType = image.png; path = "img_settings_4@3x.png"; sourceTree = "<group>"; };
		1C5AC80B21E35D750007827D /* img_settings_1@3x.png */ = {isa = PBXFileReference; lastKnownFileType = image.png; path = "img_settings_1@3x.png"; sourceTree = "<group>"; };
		1C5AC80C21E35D750007827D /* img_settings_9@3x.png */ = {isa = PBXFileReference; lastKnownFileType = image.png; path = "img_settings_9@3x.png"; sourceTree = "<group>"; };
		1C5AC81621E35D900007827D /* SettingsTableViewCell.swift */ = {isa = PBXFileReference; lastKnownFileType = sourcecode.swift; path = SettingsTableViewCell.swift; sourceTree = "<group>"; };
		1C5AC81821E37B7D0007827D /* SettingsData.swift */ = {isa = PBXFileReference; lastKnownFileType = sourcecode.swift; path = SettingsData.swift; sourceTree = "<group>"; };
		1C5AC81B21E39C4B0007827D /* BoardViewController.swift */ = {isa = PBXFileReference; lastKnownFileType = sourcecode.swift; path = BoardViewController.swift; sourceTree = "<group>"; };
		1C5AC81D21E3A0F60007827D /* BoardData.swift */ = {isa = PBXFileReference; lastKnownFileType = sourcecode.swift; path = BoardData.swift; sourceTree = "<group>"; };
		1C5AC81F21E3A3EB0007827D /* BoardTableViewCell.swift */ = {isa = PBXFileReference; lastKnownFileType = sourcecode.swift; path = BoardTableViewCell.swift; sourceTree = "<group>"; };
		1C5AC82121E3ACC70007827D /* img_board_collapsed@3x.png */ = {isa = PBXFileReference; lastKnownFileType = image.png; path = "img_board_collapsed@3x.png"; sourceTree = "<group>"; };
		1C5AC82221E3ACC70007827D /* img_board_expanded@3x.png */ = {isa = PBXFileReference; lastKnownFileType = image.png; path = "img_board_expanded@3x.png"; sourceTree = "<group>"; };
		1C5AC83021E497BA0007827D /* IntroViewController.swift */ = {isa = PBXFileReference; lastKnownFileType = sourcecode.swift; path = IntroViewController.swift; sourceTree = "<group>"; };
		1C5AC83221E49ADF0007827D /* img_intro_text@3x.png */ = {isa = PBXFileReference; lastKnownFileType = image.png; path = "img_intro_text@3x.png"; sourceTree = "<group>"; };
		1C5AC83421E49BC50007827D /* img_intro_percent@3x.png */ = {isa = PBXFileReference; lastKnownFileType = image.png; path = "img_intro_percent@3x.png"; sourceTree = "<group>"; };
		1C5AC83521E49BC50007827D /* img_intro_heart@3x.png */ = {isa = PBXFileReference; lastKnownFileType = image.png; path = "img_intro_heart@3x.png"; sourceTree = "<group>"; };
		1C5AC83921E4AF520007827D /* BasePopupViewController.swift */ = {isa = PBXFileReference; lastKnownFileType = sourcecode.swift; path = BasePopupViewController.swift; sourceTree = "<group>"; };
		1C5AC83B21E4AFBE0007827D /* FindEmailPopupViewController.swift */ = {isa = PBXFileReference; lastKnownFileType = sourcecode.swift; path = FindEmailPopupViewController.swift; sourceTree = "<group>"; };
		1C5AC83D21E4CF1A0007827D /* FindPasswordPopupViewController.swift */ = {isa = PBXFileReference; lastKnownFileType = sourcecode.swift; path = FindPasswordPopupViewController.swift; sourceTree = "<group>"; };
		1C5AC83F21E4D2490007827D /* img_login_background@2x.png */ = {isa = PBXFileReference; lastKnownFileType = image.png; path = "img_login_background@2x.png"; sourceTree = "<group>"; };
		1C5AC84221E4D45C0007827D /* spoqa_han_sans_regular.ttf */ = {isa = PBXFileReference; lastKnownFileType = file; path = spoqa_han_sans_regular.ttf; sourceTree = "<group>"; };
		1C5AC84321E4D45C0007827D /* spoqa_han_sans_bold.ttf */ = {isa = PBXFileReference; lastKnownFileType = file; path = spoqa_han_sans_bold.ttf; sourceTree = "<group>"; };
		1C858D8721C7733D00900481 /* Percent.app */ = {isa = PBXFileReference; explicitFileType = wrapper.application; includeInIndex = 0; path = Percent.app; sourceTree = BUILT_PRODUCTS_DIR; };
		1C858D8A21C7733D00900481 /* AppDelegate.swift */ = {isa = PBXFileReference; lastKnownFileType = sourcecode.swift; path = AppDelegate.swift; sourceTree = "<group>"; };
		1C858D9121C7733F00900481 /* Assets.xcassets */ = {isa = PBXFileReference; lastKnownFileType = folder.assetcatalog; path = Assets.xcassets; sourceTree = "<group>"; };
		1C858D9421C7733F00900481 /* Base */ = {isa = PBXFileReference; lastKnownFileType = file.storyboard; name = Base; path = Base.lproj/LaunchScreen.storyboard; sourceTree = "<group>"; };
		1C858D9621C7733F00900481 /* Info.plist */ = {isa = PBXFileReference; lastKnownFileType = text.plist.xml; path = Info.plist; sourceTree = "<group>"; };
		1C858D9F21C780D500900481 /* img_login_icon@3x.png */ = {isa = PBXFileReference; lastKnownFileType = image.png; path = "img_login_icon@3x.png"; sourceTree = "<group>"; };
		1C858DA121C780D500900481 /* img_login_lock@3x.png */ = {isa = PBXFileReference; lastKnownFileType = image.png; path = "img_login_lock@3x.png"; sourceTree = "<group>"; };
		1C858DA221C780D500900481 /* img_login_mail@3x.png */ = {isa = PBXFileReference; lastKnownFileType = image.png; path = "img_login_mail@3x.png"; sourceTree = "<group>"; };
		1C858DA821C7813100900481 /* BaseViewController.swift */ = {isa = PBXFileReference; lastKnownFileType = sourcecode.swift; path = BaseViewController.swift; sourceTree = "<group>"; };
		1C858DAC21C7818E00900481 /* LoadingIndicatorView.swift */ = {isa = PBXFileReference; lastKnownFileType = sourcecode.swift; path = LoadingIndicatorView.swift; sourceTree = "<group>"; };
		1C858DB421C7877800900481 /* LoginViewController.swift */ = {isa = PBXFileReference; lastKnownFileType = sourcecode.swift; path = LoginViewController.swift; sourceTree = "<group>"; };
		1C858DEB21C78D6200900481 /* Percent-Bridging-Header.h */ = {isa = PBXFileReference; lastKnownFileType = sourcecode.c.h; path = "Percent-Bridging-Header.h"; sourceTree = "<group>"; };
		1C858E2B21C870F100900481 /* MainViewController.swift */ = {isa = PBXFileReference; lastKnownFileType = sourcecode.swift; path = MainViewController.swift; sourceTree = "<group>"; };
		1C858E2D21C870FE00900481 /* MainTabbarView.swift */ = {isa = PBXFileReference; lastKnownFileType = sourcecode.swift; path = MainTabbarView.swift; sourceTree = "<group>"; };
		1C858E2F21C872C800900481 /* img_tab_3_nor@3x.png */ = {isa = PBXFileReference; lastKnownFileType = image.png; path = "img_tab_3_nor@3x.png"; sourceTree = "<group>"; };
		1C858E3021C872C800900481 /* img_tab_4_sel@3x.png */ = {isa = PBXFileReference; lastKnownFileType = image.png; path = "img_tab_4_sel@3x.png"; sourceTree = "<group>"; };
		1C858E3121C872C800900481 /* img_tab_2_sel@3x.png */ = {isa = PBXFileReference; lastKnownFileType = image.png; path = "img_tab_2_sel@3x.png"; sourceTree = "<group>"; };
		1C858E3221C872C800900481 /* img_tab_3_sel@3x.png */ = {isa = PBXFileReference; lastKnownFileType = image.png; path = "img_tab_3_sel@3x.png"; sourceTree = "<group>"; };
		1C858E3321C872C900900481 /* img_tab_1_nor@3x.png */ = {isa = PBXFileReference; lastKnownFileType = image.png; path = "img_tab_1_nor@3x.png"; sourceTree = "<group>"; };
		1C858E3421C872C900900481 /* img_tab_2_nor@3x.png */ = {isa = PBXFileReference; lastKnownFileType = image.png; path = "img_tab_2_nor@3x.png"; sourceTree = "<group>"; };
		1C858E3521C872C900900481 /* img_tab_1_sel@3x.png */ = {isa = PBXFileReference; lastKnownFileType = image.png; path = "img_tab_1_sel@3x.png"; sourceTree = "<group>"; };
		1C858E3621C872C900900481 /* img_tab_4_nor@3x.png */ = {isa = PBXFileReference; lastKnownFileType = image.png; path = "img_tab_4_nor@3x.png"; sourceTree = "<group>"; };
		1C858E3721C872C900900481 /* img_tab_5_nor@3x.png */ = {isa = PBXFileReference; lastKnownFileType = image.png; path = "img_tab_5_nor@3x.png"; sourceTree = "<group>"; };
		1C858E3821C872C900900481 /* img_tab_5_sel@3x.png */ = {isa = PBXFileReference; lastKnownFileType = image.png; path = "img_tab_5_sel@3x.png"; sourceTree = "<group>"; };
		1C858E5121C8F15E00900481 /* BaseNavigationController.swift */ = {isa = PBXFileReference; lastKnownFileType = sourcecode.swift; path = BaseNavigationController.swift; sourceTree = "<group>"; };
		1C858E5321C8F6EF00900481 /* ProfileButton.swift */ = {isa = PBXFileReference; lastKnownFileType = sourcecode.swift; path = ProfileButton.swift; sourceTree = "<group>"; };
		1C858E5521C9036100900481 /* img_cherry@3x.png */ = {isa = PBXFileReference; lastKnownFileType = image.png; path = "img_cherry@3x.png"; sourceTree = "<group>"; };
		1CA5876D21E5D8BD002B60F2 /* AlertPopupViewController.swift */ = {isa = PBXFileReference; lastKnownFileType = sourcecode.swift; path = AlertPopupViewController.swift; sourceTree = "<group>"; };
		1CA5877021E5DCF4002B60F2 /* SignupGuideViewController.swift */ = {isa = PBXFileReference; lastKnownFileType = sourcecode.swift; path = SignupGuideViewController.swift; sourceTree = "<group>"; };
		1CA5877221E5DE1A002B60F2 /* SignupGuideTableViewCell.swift */ = {isa = PBXFileReference; lastKnownFileType = sourcecode.swift; path = SignupGuideTableViewCell.swift; sourceTree = "<group>"; };
		1CA5877421E5EAED002B60F2 /* BaseSignupViewController.swift */ = {isa = PBXFileReference; lastKnownFileType = sourcecode.swift; path = BaseSignupViewController.swift; sourceTree = "<group>"; };
		1CA5877621E5EDB1002B60F2 /* SignupTermsViewController.swift */ = {isa = PBXFileReference; lastKnownFileType = sourcecode.swift; path = SignupTermsViewController.swift; sourceTree = "<group>"; };
		1CA5877821E5EDF8002B60F2 /* SignupTermsTableViewCell.swift */ = {isa = PBXFileReference; lastKnownFileType = sourcecode.swift; path = SignupTermsTableViewCell.swift; sourceTree = "<group>"; };
		1CA5877A21E5F09F002B60F2 /* img_check_nor@3x.png */ = {isa = PBXFileReference; lastKnownFileType = image.png; path = "img_check_nor@3x.png"; sourceTree = "<group>"; };
		1CA5877B21E5F09F002B60F2 /* img_check_sel@3x.png */ = {isa = PBXFileReference; lastKnownFileType = image.png; path = "img_check_sel@3x.png"; sourceTree = "<group>"; };
		1CA5877E21E5F801002B60F2 /* SignupTermsDetailViewController.swift */ = {isa = PBXFileReference; lastKnownFileType = sourcecode.swift; path = SignupTermsDetailViewController.swift; sourceTree = "<group>"; };
		1CA5878021E5F9A5002B60F2 /* TermsData.swift */ = {isa = PBXFileReference; lastKnownFileType = sourcecode.swift; path = TermsData.swift; sourceTree = "<group>"; };
		1CA5878221E5FEB1002B60F2 /* SignupIdVieWController.swift */ = {isa = PBXFileReference; lastKnownFileType = sourcecode.swift; path = SignupIdVieWController.swift; sourceTree = "<group>"; };
		1CA5878621E6173C002B60F2 /* SignupStepViewController.swift */ = {isa = PBXFileReference; lastKnownFileType = sourcecode.swift; path = SignupStepViewController.swift; sourceTree = "<group>"; };
		1CA5878821E63594002B60F2 /* SignupProfileViewController.swift */ = {isa = PBXFileReference; lastKnownFileType = sourcecode.swift; path = SignupProfileViewController.swift; sourceTree = "<group>"; };
		1CA5878A21E63775002B60F2 /* SignupNavigationViewController.swift */ = {isa = PBXFileReference; lastKnownFileType = sourcecode.swift; path = SignupNavigationViewController.swift; sourceTree = "<group>"; };
		1CA5878C21E6DB79002B60F2 /* SignupNavigationBarView.swift */ = {isa = PBXFileReference; lastKnownFileType = sourcecode.swift; path = SignupNavigationBarView.swift; sourceTree = "<group>"; };
		1CA5878E21E6FAFA002B60F2 /* BaseSignupStepsViewController.swift */ = {isa = PBXFileReference; lastKnownFileType = sourcecode.swift; path = BaseSignupStepsViewController.swift; sourceTree = "<group>"; };
		1CA5879021E6FCD8002B60F2 /* SignupProfileEntryView.swift */ = {isa = PBXFileReference; lastKnownFileType = sourcecode.swift; path = SignupProfileEntryView.swift; sourceTree = "<group>"; };
		1CA5879221E6FDD7002B60F2 /* img_validation_checked@3x.png */ = {isa = PBXFileReference; lastKnownFileType = image.png; path = "img_validation_checked@3x.png"; sourceTree = "<group>"; };
		1CA5879321E6FDD7002B60F2 /* img_validation_unchecked@3x.png */ = {isa = PBXFileReference; lastKnownFileType = image.png; path = "img_validation_unchecked@3x.png"; sourceTree = "<group>"; };
		1CAC5A8A21E718C2002A0A4E /* SignupProfileSpecsViewController.swift */ = {isa = PBXFileReference; lastKnownFileType = sourcecode.swift; path = SignupProfileSpecsViewController.swift; sourceTree = "<group>"; };
		1CAC5A8C21E71FC8002A0A4E /* SignupProfilePictureCollectionViewCell.swift */ = {isa = PBXFileReference; lastKnownFileType = sourcecode.swift; path = SignupProfilePictureCollectionViewCell.swift; sourceTree = "<group>"; };
		1CAC5A8E21E721E9002A0A4E /* img_plus@3x.png */ = {isa = PBXFileReference; lastKnownFileType = image.png; path = "img_plus@3x.png"; sourceTree = "<group>"; };
		1CAC5A9121E72344002A0A4E /* UserPayload.swift */ = {isa = PBXFileReference; lastKnownFileType = sourcecode.swift; path = UserPayload.swift; sourceTree = "<group>"; };
		1CB542F721DF44E300B37EAE /* QTextAttributes.swift */ = {isa = PBXFileReference; fileEncoding = 4; lastKnownFileType = sourcecode.swift; path = QTextAttributes.swift; sourceTree = "<group>"; };
		1CB542F821DF44E300B37EAE /* QDataManager.swift */ = {isa = PBXFileReference; fileEncoding = 4; lastKnownFileType = sourcecode.swift; path = QDataManager.swift; sourceTree = "<group>"; };
		1CB542F921DF44E300B37EAE /* QImageMaker.swift */ = {isa = PBXFileReference; fileEncoding = 4; lastKnownFileType = sourcecode.swift; path = QImageMaker.swift; sourceTree = "<group>"; };
		1CB542FA21DF44E300B37EAE /* QUtils.swift */ = {isa = PBXFileReference; fileEncoding = 4; lastKnownFileType = sourcecode.swift; path = QUtils.swift; sourceTree = "<group>"; };
		1CB542FB21DF44E300B37EAE /* QUrlReachablility.swift */ = {isa = PBXFileReference; fileEncoding = 4; lastKnownFileType = sourcecode.swift; path = QUrlReachablility.swift; sourceTree = "<group>"; };
		1CB542FC21DF44E300B37EAE /* QHttpClient.swift */ = {isa = PBXFileReference; fileEncoding = 4; lastKnownFileType = sourcecode.swift; path = QHttpClient.swift; sourceTree = "<group>"; };
		1CB5430421DF472A00B37EAE /* Strings.swift */ = {isa = PBXFileReference; fileEncoding = 4; lastKnownFileType = sourcecode.swift; path = Strings.swift; sourceTree = "<group>"; };
		1CB5430521DF472A00B37EAE /* Defines.swift */ = {isa = PBXFileReference; fileEncoding = 4; lastKnownFileType = sourcecode.swift; path = Defines.swift; sourceTree = "<group>"; };
		1CB5430621DF472A00B37EAE /* Urls.swift */ = {isa = PBXFileReference; fileEncoding = 4; lastKnownFileType = sourcecode.swift; path = Urls.swift; sourceTree = "<group>"; };
		1CB5430B21DF473200B37EAE /* Date.swift */ = {isa = PBXFileReference; fileEncoding = 4; lastKnownFileType = sourcecode.swift; path = Date.swift; sourceTree = "<group>"; };
		1CB5430C21DF473200B37EAE /* Others.swift */ = {isa = PBXFileReference; fileEncoding = 4; lastKnownFileType = sourcecode.swift; path = Others.swift; sourceTree = "<group>"; };
		1CB5430D21DF473200B37EAE /* Image.swift */ = {isa = PBXFileReference; fileEncoding = 4; lastKnownFileType = sourcecode.swift; path = Image.swift; sourceTree = "<group>"; };
		1CB5430E21DF473200B37EAE /* Application.swift */ = {isa = PBXFileReference; fileEncoding = 4; lastKnownFileType = sourcecode.swift; path = Application.swift; sourceTree = "<group>"; };
		1CB5431421DF473A00B37EAE /* NSObject+SBJson.m */ = {isa = PBXFileReference; fileEncoding = 4; lastKnownFileType = sourcecode.c.objc; path = "NSObject+SBJson.m"; sourceTree = "<group>"; };
		1CB5431521DF473A00B37EAE /* SBJsonStreamParserState.h */ = {isa = PBXFileReference; fileEncoding = 4; lastKnownFileType = sourcecode.c.h; path = SBJsonStreamParserState.h; sourceTree = "<group>"; };
		1CB5431621DF473A00B37EAE /* SBJsonUTF8Stream.h */ = {isa = PBXFileReference; fileEncoding = 4; lastKnownFileType = sourcecode.c.h; path = SBJsonUTF8Stream.h; sourceTree = "<group>"; };
		1CB5431721DF473A00B37EAE /* SBJsonStreamWriterAccumulator.h */ = {isa = PBXFileReference; fileEncoding = 4; lastKnownFileType = sourcecode.c.h; path = SBJsonStreamWriterAccumulator.h; sourceTree = "<group>"; };
		1CB5431821DF473A00B37EAE /* SBJsonStreamParserAdapter.h */ = {isa = PBXFileReference; fileEncoding = 4; lastKnownFileType = sourcecode.c.h; path = SBJsonStreamParserAdapter.h; sourceTree = "<group>"; };
		1CB5431921DF473A00B37EAE /* SBJsonStreamWriter.h */ = {isa = PBXFileReference; fileEncoding = 4; lastKnownFileType = sourcecode.c.h; path = SBJsonStreamWriter.h; sourceTree = "<group>"; };
		1CB5431A21DF473A00B37EAE /* SBJsonWriter.h */ = {isa = PBXFileReference; fileEncoding = 4; lastKnownFileType = sourcecode.c.h; path = SBJsonWriter.h; sourceTree = "<group>"; };
		1CB5431B21DF473A00B37EAE /* SBJsonStreamWriterState.h */ = {isa = PBXFileReference; fileEncoding = 4; lastKnownFileType = sourcecode.c.h; path = SBJsonStreamWriterState.h; sourceTree = "<group>"; };
		1CB5431C21DF473A00B37EAE /* SBJsonTokeniser.h */ = {isa = PBXFileReference; fileEncoding = 4; lastKnownFileType = sourcecode.c.h; path = SBJsonTokeniser.h; sourceTree = "<group>"; };
		1CB5431D21DF473A00B37EAE /* SBJsonStreamParser.m */ = {isa = PBXFileReference; fileEncoding = 4; lastKnownFileType = sourcecode.c.objc; path = SBJsonStreamParser.m; sourceTree = "<group>"; };
		1CB5431E21DF473A00B37EAE /* SBJsonParser.m */ = {isa = PBXFileReference; fileEncoding = 4; lastKnownFileType = sourcecode.c.objc; path = SBJsonParser.m; sourceTree = "<group>"; };
		1CB5431F21DF473A00B37EAE /* SBJsonStreamParserAccumulator.m */ = {isa = PBXFileReference; fileEncoding = 4; lastKnownFileType = sourcecode.c.objc; path = SBJsonStreamParserAccumulator.m; sourceTree = "<group>"; };
		1CB5432021DF473A00B37EAE /* SBJsonUTF8Stream.m */ = {isa = PBXFileReference; fileEncoding = 4; lastKnownFileType = sourcecode.c.objc; path = SBJsonUTF8Stream.m; sourceTree = "<group>"; };
		1CB5432121DF473A00B37EAE /* SBJsonStreamParserState.m */ = {isa = PBXFileReference; fileEncoding = 4; lastKnownFileType = sourcecode.c.objc; path = SBJsonStreamParserState.m; sourceTree = "<group>"; };
		1CB5432221DF473A00B37EAE /* NSObject+SBJson.h */ = {isa = PBXFileReference; fileEncoding = 4; lastKnownFileType = sourcecode.c.h; path = "NSObject+SBJson.h"; sourceTree = "<group>"; };
		1CB5432321DF473A00B37EAE /* SBJsonWriter.m */ = {isa = PBXFileReference; fileEncoding = 4; lastKnownFileType = sourcecode.c.objc; path = SBJsonWriter.m; sourceTree = "<group>"; };
		1CB5432421DF473A00B37EAE /* SBJsonStreamWriter.m */ = {isa = PBXFileReference; fileEncoding = 4; lastKnownFileType = sourcecode.c.objc; path = SBJsonStreamWriter.m; sourceTree = "<group>"; };
		1CB5432521DF473A00B37EAE /* SBJsonStreamParserAdapter.m */ = {isa = PBXFileReference; fileEncoding = 4; lastKnownFileType = sourcecode.c.objc; path = SBJsonStreamParserAdapter.m; sourceTree = "<group>"; };
		1CB5432621DF473A00B37EAE /* SBJson.zip */ = {isa = PBXFileReference; lastKnownFileType = archive.zip; path = SBJson.zip; sourceTree = "<group>"; };
		1CB5432721DF473A00B37EAE /* SBJsonStreamWriterAccumulator.m */ = {isa = PBXFileReference; fileEncoding = 4; lastKnownFileType = sourcecode.c.objc; path = SBJsonStreamWriterAccumulator.m; sourceTree = "<group>"; };
		1CB5432821DF473A00B37EAE /* SBJsonParser.h */ = {isa = PBXFileReference; fileEncoding = 4; lastKnownFileType = sourcecode.c.h; path = SBJsonParser.h; sourceTree = "<group>"; };
		1CB5432921DF473A00B37EAE /* SBJsonStreamParser.h */ = {isa = PBXFileReference; fileEncoding = 4; lastKnownFileType = sourcecode.c.h; path = SBJsonStreamParser.h; sourceTree = "<group>"; };
		1CB5432A21DF473A00B37EAE /* SBJsonStreamWriterState.m */ = {isa = PBXFileReference; fileEncoding = 4; lastKnownFileType = sourcecode.c.objc; path = SBJsonStreamWriterState.m; sourceTree = "<group>"; };
		1CB5432B21DF473A00B37EAE /* SBJsonTokeniser.m */ = {isa = PBXFileReference; fileEncoding = 4; lastKnownFileType = sourcecode.c.objc; path = SBJsonTokeniser.m; sourceTree = "<group>"; };
		1CB5432C21DF473A00B37EAE /* SBJson.h */ = {isa = PBXFileReference; fileEncoding = 4; lastKnownFileType = sourcecode.c.h; path = SBJson.h; sourceTree = "<group>"; };
		1CB5432D21DF473A00B37EAE /* SBJsonStreamParserAccumulator.h */ = {isa = PBXFileReference; fileEncoding = 4; lastKnownFileType = sourcecode.c.h; path = SBJsonStreamParserAccumulator.h; sourceTree = "<group>"; };
		1CB5433C21DF4D4800B37EAE /* loader.json */ = {isa = PBXFileReference; fileEncoding = 4; lastKnownFileType = text.json; path = loader.json; sourceTree = "<group>"; };
		1CC9B5F121DC52B8008C22B8 /* MyPageViewController.swift */ = {isa = PBXFileReference; lastKnownFileType = sourcecode.swift; path = MyPageViewController.swift; sourceTree = "<group>"; };
		1CC9B60121DC537F008C22B8 /* MyPageTableViewCell.swift */ = {isa = PBXFileReference; lastKnownFileType = sourcecode.swift; path = MyPageTableViewCell.swift; sourceTree = "<group>"; };
		1CC9B60321DC6DD4008C22B8 /* BaseMainViewController.swift */ = {isa = PBXFileReference; lastKnownFileType = sourcecode.swift; path = BaseMainViewController.swift; sourceTree = "<group>"; };
		1CE69A9F21D5AF6200B9FE4A /* BarIndicatorView.swift */ = {isa = PBXFileReference; lastKnownFileType = sourcecode.swift; path = BarIndicatorView.swift; sourceTree = "<group>"; };
		1CE69AA921D896D600B9FE4A /* UserProfileStatsView.swift */ = {isa = PBXFileReference; lastKnownFileType = sourcecode.swift; path = UserProfileStatsView.swift; sourceTree = "<group>"; };
		1CE69AAB21D8EEC000B9FE4A /* img_profile_2@3x.png */ = {isa = PBXFileReference; lastKnownFileType = image.png; path = "img_profile_2@3x.png"; sourceTree = "<group>"; };
		1CE69AAC21D8EEC000B9FE4A /* img_profile_3@3x.png */ = {isa = PBXFileReference; lastKnownFileType = image.png; path = "img_profile_3@3x.png"; sourceTree = "<group>"; };
		1CE69AAD21D8EEC000B9FE4A /* img_profile_4@3x.png */ = {isa = PBXFileReference; lastKnownFileType = image.png; path = "img_profile_4@3x.png"; sourceTree = "<group>"; };
		1CE69AAE21D8EEC000B9FE4A /* img_profile_1@3x.png */ = {isa = PBXFileReference; lastKnownFileType = image.png; path = "img_profile_1@3x.png"; sourceTree = "<group>"; };
		1CE69AAF21D8EEC000B9FE4A /* img_profile_5@3x.png */ = {isa = PBXFileReference; lastKnownFileType = image.png; path = "img_profile_5@3x.png"; sourceTree = "<group>"; };
		1CE69AB021D8EEC000B9FE4A /* img_profile_6@3x.png */ = {isa = PBXFileReference; lastKnownFileType = image.png; path = "img_profile_6@3x.png"; sourceTree = "<group>"; };
		1CE69AB721D91C6A00B9FE4A /* UserProfileTableViewCell.swift */ = {isa = PBXFileReference; lastKnownFileType = sourcecode.swift; path = UserProfileTableViewCell.swift; sourceTree = "<group>"; };
		1CE69ACC21D9B8F100B9FE4A /* ChatViewController.swift */ = {isa = PBXFileReference; lastKnownFileType = sourcecode.swift; path = ChatViewController.swift; sourceTree = "<group>"; };
		1CE69ACE21D9B8FE00B9FE4A /* ChatTableViewCell.swift */ = {isa = PBXFileReference; lastKnownFileType = sourcecode.swift; path = ChatTableViewCell.swift; sourceTree = "<group>"; };
		1CE69AE021DA43B800B9FE4A /* CategoryTableViewCell.swift */ = {isa = PBXFileReference; fileEncoding = 4; lastKnownFileType = sourcecode.swift; path = CategoryTableViewCell.swift; sourceTree = "<group>"; };
		1CE69AE121DA43B800B9FE4A /* CategoryViewController.swift */ = {isa = PBXFileReference; fileEncoding = 4; lastKnownFileType = sourcecode.swift; path = CategoryViewController.swift; sourceTree = "<group>"; };
		1CE69AE421DA43CF00B9FE4A /* FavouriteCollectionViewCell.swift */ = {isa = PBXFileReference; fileEncoding = 4; lastKnownFileType = sourcecode.swift; path = FavouriteCollectionViewCell.swift; sourceTree = "<group>"; };
		1CE69AE521DA43D000B9FE4A /* FavouriteViewController.swift */ = {isa = PBXFileReference; fileEncoding = 4; lastKnownFileType = sourcecode.swift; path = FavouriteViewController.swift; sourceTree = "<group>"; };
		1CE69AE821DA457A00B9FE4A /* SearchConditionViewController.swift */ = {isa = PBXFileReference; fileEncoding = 4; lastKnownFileType = sourcecode.swift; path = SearchConditionViewController.swift; sourceTree = "<group>"; };
		1CE69AE921DA457A00B9FE4A /* ChoiceViewController.swift */ = {isa = PBXFileReference; fileEncoding = 4; lastKnownFileType = sourcecode.swift; path = ChoiceViewController.swift; sourceTree = "<group>"; };
		1CE69AEA21DA457A00B9FE4A /* SearchResultsViewController.swift */ = {isa = PBXFileReference; fileEncoding = 4; lastKnownFileType = sourcecode.swift; path = SearchResultsViewController.swift; sourceTree = "<group>"; };
		1CE69AEE21DA458F00B9FE4A /* RecommendsCollectionViewCell.swift */ = {isa = PBXFileReference; fileEncoding = 4; lastKnownFileType = sourcecode.swift; path = RecommendsCollectionViewCell.swift; sourceTree = "<group>"; };
		1CE69AEF21DA458F00B9FE4A /* RecommendsViewController.swift */ = {isa = PBXFileReference; fileEncoding = 4; lastKnownFileType = sourcecode.swift; path = RecommendsViewController.swift; sourceTree = "<group>"; };
		1CE69AF221DB5CBB00B9FE4A /* ChatListTableViewCell.swift */ = {isa = PBXFileReference; fileEncoding = 4; lastKnownFileType = sourcecode.swift; path = ChatListTableViewCell.swift; sourceTree = "<group>"; };
		1CE69AF321DB5CBB00B9FE4A /* ChatListViewController.swift */ = {isa = PBXFileReference; fileEncoding = 4; lastKnownFileType = sourcecode.swift; path = ChatListViewController.swift; sourceTree = "<group>"; };
		1CE69AF621DB71B100B9FE4A /* CategoryData.swift */ = {isa = PBXFileReference; lastKnownFileType = sourcecode.swift; path = CategoryData.swift; sourceTree = "<group>"; };
		1CE69AF821DBA47E00B9FE4A /* CherryButton.swift */ = {isa = PBXFileReference; lastKnownFileType = sourcecode.swift; path = CherryButton.swift; sourceTree = "<group>"; };
		1CE69AFA21DBC08900B9FE4A /* ChatListSegmentView.swift */ = {isa = PBXFileReference; lastKnownFileType = sourcecode.swift; path = ChatListSegmentView.swift; sourceTree = "<group>"; };
		1CE69AFC21DBCBF300B9FE4A /* ChatListData.swift */ = {isa = PBXFileReference; lastKnownFileType = sourcecode.swift; path = ChatListData.swift; sourceTree = "<group>"; };
		1CE69AFE21DBCC3000B9FE4A /* ChatData.swift */ = {isa = PBXFileReference; lastKnownFileType = sourcecode.swift; path = ChatData.swift; sourceTree = "<group>"; };
		1CE9653021DC77D000334B4A /* img_mypage_4@3x.png */ = {isa = PBXFileReference; lastKnownFileType = image.png; path = "img_mypage_4@3x.png"; sourceTree = "<group>"; };
		1CE9653121DC77D000334B4A /* img_mypage_6@3x.png */ = {isa = PBXFileReference; lastKnownFileType = image.png; path = "img_mypage_6@3x.png"; sourceTree = "<group>"; };
		1CE9653221DC77D000334B4A /* img_mypage_2@3x.png */ = {isa = PBXFileReference; lastKnownFileType = image.png; path = "img_mypage_2@3x.png"; sourceTree = "<group>"; };
		1CE9653321DC77D000334B4A /* img_mypage_1@3x.png */ = {isa = PBXFileReference; lastKnownFileType = image.png; path = "img_mypage_1@3x.png"; sourceTree = "<group>"; };
		1CE9653421DC77D000334B4A /* img_mypage_7@3x.png */ = {isa = PBXFileReference; lastKnownFileType = image.png; path = "img_mypage_7@3x.png"; sourceTree = "<group>"; };
		1CE9653521DC77D000334B4A /* img_mypage_5@3x.png */ = {isa = PBXFileReference; lastKnownFileType = image.png; path = "img_mypage_5@3x.png"; sourceTree = "<group>"; };
		1CE9653621DC77D000334B4A /* img_mypage_3@3x.png */ = {isa = PBXFileReference; lastKnownFileType = image.png; path = "img_mypage_3@3x.png"; sourceTree = "<group>"; };
		579E473861F96E77E3FC3C6A /* Pods-Percent.debug.xcconfig */ = {isa = PBXFileReference; includeInIndex = 1; lastKnownFileType = text.xcconfig; name = "Pods-Percent.debug.xcconfig"; path = "Pods/Target Support Files/Pods-Percent/Pods-Percent.debug.xcconfig"; sourceTree = "<group>"; };
		B48DA5DDBD56796492444F66 /* Pods-Percent.release.xcconfig */ = {isa = PBXFileReference; includeInIndex = 1; lastKnownFileType = text.xcconfig; name = "Pods-Percent.release.xcconfig"; path = "Pods/Target Support Files/Pods-Percent/Pods-Percent.release.xcconfig"; sourceTree = "<group>"; };
		F694B76A0F5993BD9BC5430A /* Pods_Percent.framework */ = {isa = PBXFileReference; explicitFileType = wrapper.framework; includeInIndex = 0; path = Pods_Percent.framework; sourceTree = BUILT_PRODUCTS_DIR; };
/* End PBXFileReference section */

/* Begin PBXFrameworksBuildPhase section */
		1C858D8421C7733D00900481 /* Frameworks */ = {
			isa = PBXFrameworksBuildPhase;
			buildActionMask = 2147483647;
			files = (
				158AE75F1D3FCA14110B3A80 /* Pods_Percent.framework in Frameworks */,
			);
			runOnlyForDeploymentPostprocessing = 0;
		};
/* End PBXFrameworksBuildPhase section */

/* Begin PBXGroup section */
		1B8552DC7B7C44BC3223FE03 /* Pods */ = {
			isa = PBXGroup;
			children = (
				579E473861F96E77E3FC3C6A /* Pods-Percent.debug.xcconfig */,
				B48DA5DDBD56796492444F66 /* Pods-Percent.release.xcconfig */,
			);
			name = Pods;
			sourceTree = "<group>";
		};
		1C03840F21D001D40024C3B3 /* Data */ = {
			isa = PBXGroup;
			children = (
				1CAC5A9021E7233A002A0A4E /* Payload */,
				1C03841021D002090024C3B3 /* BaseData.swift */,
				1C03841221D0025F0024C3B3 /* UserData.swift */,
				1C03841621D090F20024C3B3 /* RecommendData.swift */,
				1C03841D21D1DC1C0024C3B3 /* PictureData.swift */,
				1CE69AF621DB71B100B9FE4A /* CategoryData.swift */,
				1CE69AFC21DBCBF300B9FE4A /* ChatListData.swift */,
				1CE69AFE21DBCC3000B9FE4A /* ChatData.swift */,
				1C5AC81821E37B7D0007827D /* SettingsData.swift */,
				1C5AC81D21E3A0F60007827D /* BoardData.swift */,
				1CA5878021E5F9A5002B60F2 /* TermsData.swift */,
			);
			path = Data;
			sourceTree = "<group>";
		};
		1C03841A21D1CDC90024C3B3 /* UserProfile */ = {
			isa = PBXGroup;
			children = (
				1C03841B21D1CDE80024C3B3 /* UserProfileViewController.swift */,
				1C03842121D278C80024C3B3 /* UserProfileHeaderView.swift */,
				1CE69AA921D896D600B9FE4A /* UserProfileStatsView.swift */,
				1CE69AB721D91C6A00B9FE4A /* UserProfileTableViewCell.swift */,
				1C03841F21D1EBE70024C3B3 /* UserPictureCollectionViewCell.swift */,
			);
			path = UserProfile;
			sourceTree = "<group>";
		};
		1C5AC83821E4AEFD0007827D /* Popups */ = {
			isa = PBXGroup;
			children = (
				1C5AC83921E4AF520007827D /* BasePopupViewController.swift */,
				1CA5876D21E5D8BD002B60F2 /* AlertPopupViewController.swift */,
				1C5AC83B21E4AFBE0007827D /* FindEmailPopupViewController.swift */,
				1C5AC83D21E4CF1A0007827D /* FindPasswordPopupViewController.swift */,
			);
			path = Popups;
			sourceTree = "<group>";
		};
		1C5AC84121E4D45C0007827D /* Font */ = {
			isa = PBXGroup;
			children = (
				1C5AC84221E4D45C0007827D /* spoqa_han_sans_regular.ttf */,
				1C5AC84321E4D45C0007827D /* spoqa_han_sans_bold.ttf */,
			);
			path = Font;
			sourceTree = "<group>";
		};
		1C858D7E21C7733D00900481 = {
			isa = PBXGroup;
			children = (
				1C858D8921C7733D00900481 /* Percent */,
				1C858D8821C7733D00900481 /* Products */,
				1B8552DC7B7C44BC3223FE03 /* Pods */,
				57D7C06E83854E98D1F99BD7 /* Frameworks */,
			);
			sourceTree = "<group>";
		};
		1C858D8821C7733D00900481 /* Products */ = {
			isa = PBXGroup;
			children = (
				1C858D8721C7733D00900481 /* Percent.app */,
			);
			name = Products;
			sourceTree = "<group>";
		};
		1C858D8921C7733D00900481 /* Percent */ = {
			isa = PBXGroup;
			children = (
				1C858D8A21C7733D00900481 /* AppDelegate.swift */,
				1CB5430321DF472A00B37EAE /* Constants */,
				1CB5430A21DF473200B37EAE /* Extensions */,
				1C03840F21D001D40024C3B3 /* Data */,
				1CB542F621DF44BF00B37EAE /* QKits */,
				1C858D9C21C780CC00900481 /* UserInterface */,
				1C858D9121C7733F00900481 /* Assets.xcassets */,
				1C858D9E21C780D500900481 /* Resources */,
				1C858D9321C7733F00900481 /* LaunchScreen.storyboard */,
				1C858D9621C7733F00900481 /* Info.plist */,
				1C858DEB21C78D6200900481 /* Percent-Bridging-Header.h */,
			);
			path = Percent;
			sourceTree = "<group>";
		};
		1C858D9C21C780CC00900481 /* UserInterface */ = {
			isa = PBXGroup;
			children = (
				1C858D9D21C780CC00900481 /* _Base */,
				1C858DAA21C7817000900481 /* _Common */,
				1C858DB321C7876600900481 /* Login */,
				1CA5876F21E5DCB3002B60F2 /* Signup */,
				1C858E2A21C870D900900481 /* Main */,
				1C858E4821C8E8DE00900481 /* Recommends */,
				1C858E4721C8E8DC00900481 /* Choice */,
				1C858E2921C8708900900481 /* Chats */,
				1C858E4521C8E8D700900481 /* Category */,
				1C858E4621C8E8D900900481 /* Favourites */,
				1CE69ABA21D9B7EE00B9FE4A /* Settings */,
				1CE69AC121D9B85500B9FE4A /* Market */,
				1C03841A21D1CDC90024C3B3 /* UserProfile */,
				1C5AC83821E4AEFD0007827D /* Popups */,
			);
			path = UserInterface;
			sourceTree = "<group>";
		};
		1C858D9D21C780CC00900481 /* _Base */ = {
			isa = PBXGroup;
			children = (
				1C858DA821C7813100900481 /* BaseViewController.swift */,
				1CC9B60321DC6DD4008C22B8 /* BaseMainViewController.swift */,
				1C858E5121C8F15E00900481 /* BaseNavigationController.swift */,
			);
			path = _Base;
			sourceTree = "<group>";
		};
		1C858D9E21C780D500900481 /* Resources */ = {
			isa = PBXGroup;
			children = (
				1CB5433B21DF4D4800B37EAE /* Animations */,
				1C858DA721C780DD00900481 /* Images */,
				1C5AC84121E4D45C0007827D /* Font */,
			);
			path = Resources;
			sourceTree = "<group>";
		};
		1C858DA721C780DD00900481 /* Images */ = {
			isa = PBXGroup;
			children = (
				1C5AC82121E3ACC70007827D /* img_board_collapsed@3x.png */,
				1C5AC82221E3ACC70007827D /* img_board_expanded@3x.png */,
				1CA5877A21E5F09F002B60F2 /* img_check_nor@3x.png */,
				1CA5877B21E5F09F002B60F2 /* img_check_sel@3x.png */,
				1C03842321D28A050024C3B3 /* img_heart@3x.png */,
				1C5AC83521E49BC50007827D /* img_intro_heart@3x.png */,
				1C5AC83421E49BC50007827D /* img_intro_percent@3x.png */,
				1C5AC83221E49ADF0007827D /* img_intro_text@3x.png */,
				1C03842421D28A050024C3B3 /* img_star@3x.png */,
				1C858E5521C9036100900481 /* img_cherry@3x.png */,
				1C858D9F21C780D500900481 /* img_login_icon@3x.png */,
				1C5AC83F21E4D2490007827D /* img_login_background@2x.png */,
				1C858DA121C780D500900481 /* img_login_lock@3x.png */,
				1C858DA221C780D500900481 /* img_login_mail@3x.png */,
				1CAC5A8E21E721E9002A0A4E /* img_plus@3x.png */,
				1CE69AAE21D8EEC000B9FE4A /* img_profile_1@3x.png */,
				1CE69AAB21D8EEC000B9FE4A /* img_profile_2@3x.png */,
				1CE69AAC21D8EEC000B9FE4A /* img_profile_3@3x.png */,
				1CE69AAD21D8EEC000B9FE4A /* img_profile_4@3x.png */,
				1CE69AAF21D8EEC000B9FE4A /* img_profile_5@3x.png */,
				1CE69AB021D8EEC000B9FE4A /* img_profile_6@3x.png */,
				1C5AC80B21E35D750007827D /* img_settings_1@3x.png */,
				1C5AC80621E35D750007827D /* img_settings_2@3x.png */,
				1C5AC80521E35D740007827D /* img_settings_3@3x.png */,
				1C5AC80A21E35D750007827D /* img_settings_4@3x.png */,
				1C5AC80721E35D750007827D /* img_settings_5@3x.png */,
				1C5AC80421E35D740007827D /* img_settings_6@3x.png */,
				1C5AC80921E35D750007827D /* img_settings_7@3x.png */,
				1C5AC80821E35D750007827D /* img_settings_8@3x.png */,
				1C5AC80C21E35D750007827D /* img_settings_9@3x.png */,
				1C858E3321C872C900900481 /* img_tab_1_nor@3x.png */,
				1C858E3521C872C900900481 /* img_tab_1_sel@3x.png */,
				1C858E3421C872C900900481 /* img_tab_2_nor@3x.png */,
				1C858E3121C872C800900481 /* img_tab_2_sel@3x.png */,
				1C858E2F21C872C800900481 /* img_tab_3_nor@3x.png */,
				1C858E3221C872C800900481 /* img_tab_3_sel@3x.png */,
				1C858E3621C872C900900481 /* img_tab_4_nor@3x.png */,
				1C858E3021C872C800900481 /* img_tab_4_sel@3x.png */,
				1C858E3721C872C900900481 /* img_tab_5_nor@3x.png */,
				1C858E3821C872C900900481 /* img_tab_5_sel@3x.png */,
				1CE9653321DC77D000334B4A /* img_mypage_1@3x.png */,
				1CE9653221DC77D000334B4A /* img_mypage_2@3x.png */,
				1CE9653621DC77D000334B4A /* img_mypage_3@3x.png */,
				1CE9653021DC77D000334B4A /* img_mypage_4@3x.png */,
				1CE9653521DC77D000334B4A /* img_mypage_5@3x.png */,
				1CE9653121DC77D000334B4A /* img_mypage_6@3x.png */,
				1CE9653421DC77D000334B4A /* img_mypage_7@3x.png */,
				1CA5879221E6FDD7002B60F2 /* img_validation_checked@3x.png */,
				1CA5879321E6FDD7002B60F2 /* img_validation_unchecked@3x.png */,
			);
			path = Images;
			sourceTree = "<group>";
		};
		1C858DAA21C7817000900481 /* _Common */ = {
			isa = PBXGroup;
			children = (
				1C858DAB21C7818100900481 /* Components */,
			);
			path = _Common;
			sourceTree = "<group>";
		};
		1C858DAB21C7818100900481 /* Components */ = {
			isa = PBXGroup;
			children = (
				1C858DAC21C7818E00900481 /* LoadingIndicatorView.swift */,
				1C858E5321C8F6EF00900481 /* ProfileButton.swift */,
				1CE69AF821DBA47E00B9FE4A /* CherryButton.swift */,
				1C03841821D09B220024C3B3 /* CircleIndicatorView.swift */,
				1CE69A9F21D5AF6200B9FE4A /* BarIndicatorView.swift */,
				1C5AC80221E358090007827D /* PSwitchView.swift */,
			);
			path = Components;
			sourceTree = "<group>";
		};
		1C858DB321C7876600900481 /* Login */ = {
			isa = PBXGroup;
			children = (
				1C5AC83021E497BA0007827D /* IntroViewController.swift */,
				1C858DB421C7877800900481 /* LoginViewController.swift */,
			);
			path = Login;
			sourceTree = "<group>";
		};
		1C858E2921C8708900900481 /* Chats */ = {
			isa = PBXGroup;
			children = (
				1CE69AF321DB5CBB00B9FE4A /* ChatListViewController.swift */,
				1CE69AFA21DBC08900B9FE4A /* ChatListSegmentView.swift */,
				1CE69AF221DB5CBB00B9FE4A /* ChatListTableViewCell.swift */,
				1CE69ACC21D9B8F100B9FE4A /* ChatViewController.swift */,
				1CE69ACE21D9B8FE00B9FE4A /* ChatTableViewCell.swift */,
			);
			path = Chats;
			sourceTree = "<group>";
		};
		1C858E2A21C870D900900481 /* Main */ = {
			isa = PBXGroup;
			children = (
				1C858E2B21C870F100900481 /* MainViewController.swift */,
				1C858E2D21C870FE00900481 /* MainTabbarView.swift */,
			);
			path = Main;
			sourceTree = "<group>";
		};
		1C858E4521C8E8D700900481 /* Category */ = {
			isa = PBXGroup;
			children = (
				1CE69AE121DA43B800B9FE4A /* CategoryViewController.swift */,
				1CE69AE021DA43B800B9FE4A /* CategoryTableViewCell.swift */,
			);
			path = Category;
			sourceTree = "<group>";
		};
		1C858E4621C8E8D900900481 /* Favourites */ = {
			isa = PBXGroup;
			children = (
				1CE69AE521DA43D000B9FE4A /* FavouriteViewController.swift */,
				1CE69AE421DA43CF00B9FE4A /* FavouriteCollectionViewCell.swift */,
			);
			path = Favourites;
			sourceTree = "<group>";
		};
		1C858E4721C8E8DC00900481 /* Choice */ = {
			isa = PBXGroup;
			children = (
				1CE69AE921DA457A00B9FE4A /* ChoiceViewController.swift */,
				1CE69AE821DA457A00B9FE4A /* SearchConditionViewController.swift */,
				1CE69AEA21DA457A00B9FE4A /* SearchResultsViewController.swift */,
			);
			path = Choice;
			sourceTree = "<group>";
		};
		1C858E4821C8E8DE00900481 /* Recommends */ = {
			isa = PBXGroup;
			children = (
				1CE69AEF21DA458F00B9FE4A /* RecommendsViewController.swift */,
				1CE69AEE21DA458F00B9FE4A /* RecommendsCollectionViewCell.swift */,
			);
			path = Recommends;
			sourceTree = "<group>";
		};
		1CA5876F21E5DCB3002B60F2 /* Signup */ = {
			isa = PBXGroup;
			children = (
				1CA5877421E5EAED002B60F2 /* BaseSignupViewController.swift */,
				1CA5878E21E6FAFA002B60F2 /* BaseSignupStepsViewController.swift */,
				1CA5878A21E63775002B60F2 /* SignupNavigationViewController.swift */,
				1CA5878C21E6DB79002B60F2 /* SignupNavigationBarView.swift */,
				1CA5877021E5DCF4002B60F2 /* SignupGuideViewController.swift */,
				1CA5877221E5DE1A002B60F2 /* SignupGuideTableViewCell.swift */,
				1CA5877621E5EDB1002B60F2 /* SignupTermsViewController.swift */,
				1CA5877821E5EDF8002B60F2 /* SignupTermsTableViewCell.swift */,
				1CA5877E21E5F801002B60F2 /* SignupTermsDetailViewController.swift */,
				1CA5878221E5FEB1002B60F2 /* SignupIdVieWController.swift */,
				1CA5878621E6173C002B60F2 /* SignupStepViewController.swift */,
				1CA5878821E63594002B60F2 /* SignupProfileViewController.swift */,
				1CA5879021E6FCD8002B60F2 /* SignupProfileEntryView.swift */,
				1CAC5A8A21E718C2002A0A4E /* SignupProfileSpecsViewController.swift */,
				1CAC5A8C21E71FC8002A0A4E /* SignupProfilePictureCollectionViewCell.swift */,
			);
			path = Signup;
			sourceTree = "<group>";
		};
		1CAC5A9021E7233A002A0A4E /* Payload */ = {
			isa = PBXGroup;
			children = (
				1CAC5A9121E72344002A0A4E /* UserPayload.swift */,
			);
			path = Payload;
			sourceTree = "<group>";
		};
		1CB542F621DF44BF00B37EAE /* QKits */ = {
			isa = PBXGroup;
			children = (
				1CB5431321DF473A00B37EAE /* SBJson */,
				1CB542F821DF44E300B37EAE /* QDataManager.swift */,
				1CB542FC21DF44E300B37EAE /* QHttpClient.swift */,
				1CB542F921DF44E300B37EAE /* QImageMaker.swift */,
				1CB542F721DF44E300B37EAE /* QTextAttributes.swift */,
				1CB542FB21DF44E300B37EAE /* QUrlReachablility.swift */,
				1CB542FA21DF44E300B37EAE /* QUtils.swift */,
			);
			path = QKits;
			sourceTree = "<group>";
		};
		1CB5430321DF472A00B37EAE /* Constants */ = {
			isa = PBXGroup;
			children = (
				1CB5430421DF472A00B37EAE /* Strings.swift */,
				1CB5430521DF472A00B37EAE /* Defines.swift */,
				1CB5430621DF472A00B37EAE /* Urls.swift */,
			);
			path = Constants;
			sourceTree = "<group>";
		};
		1CB5430A21DF473200B37EAE /* Extensions */ = {
			isa = PBXGroup;
			children = (
				1CB5430B21DF473200B37EAE /* Date.swift */,
				1CB5430C21DF473200B37EAE /* Others.swift */,
				1CB5430D21DF473200B37EAE /* Image.swift */,
				1CB5430E21DF473200B37EAE /* Application.swift */,
			);
			path = Extensions;
			sourceTree = "<group>";
		};
		1CB5431321DF473A00B37EAE /* SBJson */ = {
			isa = PBXGroup;
			children = (
				1CB5431421DF473A00B37EAE /* NSObject+SBJson.m */,
				1CB5431521DF473A00B37EAE /* SBJsonStreamParserState.h */,
				1CB5431621DF473A00B37EAE /* SBJsonUTF8Stream.h */,
				1CB5431721DF473A00B37EAE /* SBJsonStreamWriterAccumulator.h */,
				1CB5431821DF473A00B37EAE /* SBJsonStreamParserAdapter.h */,
				1CB5431921DF473A00B37EAE /* SBJsonStreamWriter.h */,
				1CB5431A21DF473A00B37EAE /* SBJsonWriter.h */,
				1CB5431B21DF473A00B37EAE /* SBJsonStreamWriterState.h */,
				1CB5431C21DF473A00B37EAE /* SBJsonTokeniser.h */,
				1CB5431D21DF473A00B37EAE /* SBJsonStreamParser.m */,
				1CB5431E21DF473A00B37EAE /* SBJsonParser.m */,
				1CB5431F21DF473A00B37EAE /* SBJsonStreamParserAccumulator.m */,
				1CB5432021DF473A00B37EAE /* SBJsonUTF8Stream.m */,
				1CB5432121DF473A00B37EAE /* SBJsonStreamParserState.m */,
				1CB5432221DF473A00B37EAE /* NSObject+SBJson.h */,
				1CB5432321DF473A00B37EAE /* SBJsonWriter.m */,
				1CB5432421DF473A00B37EAE /* SBJsonStreamWriter.m */,
				1CB5432521DF473A00B37EAE /* SBJsonStreamParserAdapter.m */,
				1CB5432621DF473A00B37EAE /* SBJson.zip */,
				1CB5432721DF473A00B37EAE /* SBJsonStreamWriterAccumulator.m */,
				1CB5432821DF473A00B37EAE /* SBJsonParser.h */,
				1CB5432921DF473A00B37EAE /* SBJsonStreamParser.h */,
				1CB5432A21DF473A00B37EAE /* SBJsonStreamWriterState.m */,
				1CB5432B21DF473A00B37EAE /* SBJsonTokeniser.m */,
				1CB5432C21DF473A00B37EAE /* SBJson.h */,
				1CB5432D21DF473A00B37EAE /* SBJsonStreamParserAccumulator.h */,
			);
			path = SBJson;
			sourceTree = "<group>";
		};
		1CB5433B21DF4D4800B37EAE /* Animations */ = {
			isa = PBXGroup;
			children = (
				1CB5433C21DF4D4800B37EAE /* loader.json */,
			);
			path = Animations;
			sourceTree = "<group>";
		};
		1CE69ABA21D9B7EE00B9FE4A /* Settings */ = {
			isa = PBXGroup;
			children = (
				1CC9B5F121DC52B8008C22B8 /* MyPageViewController.swift */,
				1CC9B60121DC537F008C22B8 /* MyPageTableViewCell.swift */,
				1C5AC80021E3568B0007827D /* SettingsViewController.swift */,
				1C5AC81621E35D900007827D /* SettingsTableViewCell.swift */,
				1C5AC81B21E39C4B0007827D /* BoardViewController.swift */,
				1C5AC81F21E3A3EB0007827D /* BoardTableViewCell.swift */,
			);
			path = Settings;
			sourceTree = "<group>";
		};
		1CE69AC121D9B85500B9FE4A /* Market */ = {
			isa = PBXGroup;
			children = (
			);
			path = Market;
			sourceTree = "<group>";
		};
		57D7C06E83854E98D1F99BD7 /* Frameworks */ = {
			isa = PBXGroup;
			children = (
				F694B76A0F5993BD9BC5430A /* Pods_Percent.framework */,
			);
			name = Frameworks;
			sourceTree = "<group>";
		};
/* End PBXGroup section */

/* Begin PBXNativeTarget section */
		1C858D8621C7733D00900481 /* Percent */ = {
			isa = PBXNativeTarget;
			buildConfigurationList = 1C858D9921C7733F00900481 /* Build configuration list for PBXNativeTarget "Percent" */;
			buildPhases = (
				47832A371C05CEF0662C4DFC /* [CP] Check Pods Manifest.lock */,
				1C858D8321C7733D00900481 /* Sources */,
				1C858D8421C7733D00900481 /* Frameworks */,
				1C858D8521C7733D00900481 /* Resources */,
				14C56B574333CCB7CC6C0090 /* [CP] Embed Pods Frameworks */,
			);
			buildRules = (
			);
			dependencies = (
			);
			name = Percent;
			productName = Percent;
			productReference = 1C858D8721C7733D00900481 /* Percent.app */;
			productType = "com.apple.product-type.application";
		};
/* End PBXNativeTarget section */

/* Begin PBXProject section */
		1C858D7F21C7733D00900481 /* Project object */ = {
			isa = PBXProject;
			attributes = {
				LastSwiftUpdateCheck = 1010;
				LastUpgradeCheck = 1010;
				ORGANIZATIONNAME = "연애대장";
				TargetAttributes = {
					1C858D8621C7733D00900481 = {
						CreatedOnToolsVersion = 10.1;
						LastSwiftMigration = 1010;
					};
				};
			};
			buildConfigurationList = 1C858D8221C7733D00900481 /* Build configuration list for PBXProject "Percent" */;
			compatibilityVersion = "Xcode 9.3";
			developmentRegion = en;
			hasScannedForEncodings = 0;
			knownRegions = (
				en,
				Base,
			);
			mainGroup = 1C858D7E21C7733D00900481;
			productRefGroup = 1C858D8821C7733D00900481 /* Products */;
			projectDirPath = "";
			projectRoot = "";
			targets = (
				1C858D8621C7733D00900481 /* Percent */,
			);
		};
/* End PBXProject section */

/* Begin PBXResourcesBuildPhase section */
		1C858D8521C7733D00900481 /* Resources */ = {
			isa = PBXResourcesBuildPhase;
			buildActionMask = 2147483647;
			files = (
				1C5AC80D21E35D750007827D /* img_settings_6@3x.png in Resources */,
				1CE9653A21DC77D000334B4A /* img_mypage_1@3x.png in Resources */,
				1C858E5621C9036200900481 /* img_cherry@3x.png in Resources */,
				1CB5433D21DF4D4800B37EAE /* loader.json in Resources */,
				1CE69AB221D8EEC100B9FE4A /* img_profile_3@3x.png in Resources */,
				1C858DA621C780D500900481 /* img_login_mail@3x.png in Resources */,
				1CA5879421E6FDD8002B60F2 /* img_validation_checked@3x.png in Resources */,
				1C858E3B21C872C900900481 /* img_tab_2_sel@3x.png in Resources */,
				1CA5877D21E5F09F002B60F2 /* img_check_sel@3x.png in Resources */,
				1C5AC83321E49ADF0007827D /* img_intro_text@3x.png in Resources */,
				1C03842621D28A050024C3B3 /* img_star@3x.png in Resources */,
				1C03842521D28A050024C3B3 /* img_heart@3x.png in Resources */,
				1C858E3921C872C900900481 /* img_tab_3_nor@3x.png in Resources */,
				1C5AC80E21E35D750007827D /* img_settings_3@3x.png in Resources */,
				1C858D9521C7733F00900481 /* LaunchScreen.storyboard in Resources */,
				1C5AC83621E49BC50007827D /* img_intro_percent@3x.png in Resources */,
				1C5AC81521E35D750007827D /* img_settings_9@3x.png in Resources */,
				1C5AC81321E35D750007827D /* img_settings_4@3x.png in Resources */,
				1C5AC82321E3ACC70007827D /* img_board_collapsed@3x.png in Resources */,
				1CE69AB621D8EEC100B9FE4A /* img_profile_6@3x.png in Resources */,
				1CAC5A8F21E721E9002A0A4E /* img_plus@3x.png in Resources */,
				1C858E3E21C872C900900481 /* img_tab_2_nor@3x.png in Resources */,
				1C5AC80F21E35D750007827D /* img_settings_2@3x.png in Resources */,
				1CE69AB121D8EEC100B9FE4A /* img_profile_2@3x.png in Resources */,
				1C858DA521C780D500900481 /* img_login_lock@3x.png in Resources */,
				1C5AC82421E3ACC70007827D /* img_board_expanded@3x.png in Resources */,
				1C858E3F21C872C900900481 /* img_tab_1_sel@3x.png in Resources */,
				1C858E3C21C872C900900481 /* img_tab_3_sel@3x.png in Resources */,
				1CB5433721DF473B00B37EAE /* SBJson.zip in Resources */,
				1C858E3A21C872C900900481 /* img_tab_4_sel@3x.png in Resources */,
				1C858E4021C872C900900481 /* img_tab_4_nor@3x.png in Resources */,
				1C858E4221C872C900900481 /* img_tab_5_sel@3x.png in Resources */,
				1C5AC81121E35D750007827D /* img_settings_8@3x.png in Resources */,
				1C5AC83721E49BC50007827D /* img_intro_heart@3x.png in Resources */,
				1C858E4121C872C900900481 /* img_tab_5_nor@3x.png in Resources */,
				1CE9653C21DC77D000334B4A /* img_mypage_5@3x.png in Resources */,
				1CE69AB321D8EEC100B9FE4A /* img_profile_4@3x.png in Resources */,
				1CE9653921DC77D000334B4A /* img_mypage_2@3x.png in Resources */,
				1C858D9221C7733F00900481 /* Assets.xcassets in Resources */,
				1C5AC81221E35D750007827D /* img_settings_7@3x.png in Resources */,
				1CE69AB521D8EEC100B9FE4A /* img_profile_5@3x.png in Resources */,
				1CE9653821DC77D000334B4A /* img_mypage_6@3x.png in Resources */,
				1CE9653721DC77D000334B4A /* img_mypage_4@3x.png in Resources */,
				1C5AC84421E4D45C0007827D /* spoqa_han_sans_regular.ttf in Resources */,
				1C858DA321C780D500900481 /* img_login_icon@3x.png in Resources */,
				1C5AC81421E35D750007827D /* img_settings_1@3x.png in Resources */,
				1C5AC84521E4D45C0007827D /* spoqa_han_sans_bold.ttf in Resources */,
				1CA5877C21E5F09F002B60F2 /* img_check_nor@3x.png in Resources */,
				1C858E3D21C872C900900481 /* img_tab_1_nor@3x.png in Resources */,
				1C5AC81021E35D750007827D /* img_settings_5@3x.png in Resources */,
				1CE9653D21DC77D000334B4A /* img_mypage_3@3x.png in Resources */,
				1C5AC84021E4D2490007827D /* img_login_background@2x.png in Resources */,
				1CE9653B21DC77D000334B4A /* img_mypage_7@3x.png in Resources */,
				1CE69AB421D8EEC100B9FE4A /* img_profile_1@3x.png in Resources */,
				1CA5879521E6FDD8002B60F2 /* img_validation_unchecked@3x.png in Resources */,
			);
			runOnlyForDeploymentPostprocessing = 0;
		};
/* End PBXResourcesBuildPhase section */

/* Begin PBXShellScriptBuildPhase section */
		14C56B574333CCB7CC6C0090 /* [CP] Embed Pods Frameworks */ = {
			isa = PBXShellScriptBuildPhase;
			buildActionMask = 2147483647;
			files = (
			);
			inputPaths = (
				"${SRCROOT}/Pods/Target Support Files/Pods-Percent/Pods-Percent-frameworks.sh",
				"${BUILT_PRODUCTS_DIR}/FLAnimatedImage/FLAnimatedImage.framework",
				"${BUILT_PRODUCTS_DIR}/GTMSessionFetcher/GTMSessionFetcher.framework",
				"${BUILT_PRODUCTS_DIR}/GoogleToolboxForMac/GoogleToolboxForMac.framework",
				"${BUILT_PRODUCTS_DIR}/GoogleUtilities/GoogleUtilities.framework",
				"${BUILT_PRODUCTS_DIR}/PINCache/PINCache.framework",
				"${BUILT_PRODUCTS_DIR}/PINRemoteImage/PINRemoteImage.framework",
				"${BUILT_PRODUCTS_DIR}/Protobuf/Protobuf.framework",
				"${BUILT_PRODUCTS_DIR}/lottie-ios/Lottie.framework",
				"${BUILT_PRODUCTS_DIR}/nanopb/nanopb.framework",
			);
			name = "[CP] Embed Pods Frameworks";
			outputPaths = (
				"${TARGET_BUILD_DIR}/${FRAMEWORKS_FOLDER_PATH}/FLAnimatedImage.framework",
				"${TARGET_BUILD_DIR}/${FRAMEWORKS_FOLDER_PATH}/GTMSessionFetcher.framework",
				"${TARGET_BUILD_DIR}/${FRAMEWORKS_FOLDER_PATH}/GoogleToolboxForMac.framework",
				"${TARGET_BUILD_DIR}/${FRAMEWORKS_FOLDER_PATH}/GoogleUtilities.framework",
				"${TARGET_BUILD_DIR}/${FRAMEWORKS_FOLDER_PATH}/PINCache.framework",
				"${TARGET_BUILD_DIR}/${FRAMEWORKS_FOLDER_PATH}/PINRemoteImage.framework",
				"${TARGET_BUILD_DIR}/${FRAMEWORKS_FOLDER_PATH}/Protobuf.framework",
				"${TARGET_BUILD_DIR}/${FRAMEWORKS_FOLDER_PATH}/Lottie.framework",
				"${TARGET_BUILD_DIR}/${FRAMEWORKS_FOLDER_PATH}/nanopb.framework",
			);
			runOnlyForDeploymentPostprocessing = 0;
			shellPath = /bin/sh;
			shellScript = "\"${SRCROOT}/Pods/Target Support Files/Pods-Percent/Pods-Percent-frameworks.sh\"\n";
			showEnvVarsInLog = 0;
		};
		47832A371C05CEF0662C4DFC /* [CP] Check Pods Manifest.lock */ = {
			isa = PBXShellScriptBuildPhase;
			buildActionMask = 2147483647;
			files = (
			);
			inputPaths = (
				"${PODS_PODFILE_DIR_PATH}/Podfile.lock",
				"${PODS_ROOT}/Manifest.lock",
			);
			name = "[CP] Check Pods Manifest.lock";
			outputPaths = (
				"$(DERIVED_FILE_DIR)/Pods-Percent-checkManifestLockResult.txt",
			);
			runOnlyForDeploymentPostprocessing = 0;
			shellPath = /bin/sh;
			shellScript = "diff \"${PODS_PODFILE_DIR_PATH}/Podfile.lock\" \"${PODS_ROOT}/Manifest.lock\" > /dev/null\nif [ $? != 0 ] ; then\n    # print error to STDERR\n    echo \"error: The sandbox is not in sync with the Podfile.lock. Run 'pod install' or update your CocoaPods installation.\" >&2\n    exit 1\nfi\n# This output is used by Xcode 'outputs' to avoid re-running this script phase.\necho \"SUCCESS\" > \"${SCRIPT_OUTPUT_FILE_0}\"\n";
			showEnvVarsInLog = 0;
		};
/* End PBXShellScriptBuildPhase section */

/* Begin PBXSourcesBuildPhase section */
		1C858D8321C7733D00900481 /* Sources */ = {
			isa = PBXSourcesBuildPhase;
			buildActionMask = 2147483647;
			files = (
				1C03842221D278C90024C3B3 /* UserProfileHeaderView.swift in Sources */,
				1CB5433421DF473B00B37EAE /* SBJsonWriter.m in Sources */,
				1CB542FE21DF44E300B37EAE /* QDataManager.swift in Sources */,
				1C5AC83E21E4CF1A0007827D /* FindPasswordPopupViewController.swift in Sources */,
				1C03842021D1EBE70024C3B3 /* UserPictureCollectionViewCell.swift in Sources */,
				1CE69AAA21D896D600B9FE4A /* UserProfileStatsView.swift in Sources */,
				1CA5877721E5EDB1002B60F2 /* SignupTermsViewController.swift in Sources */,
				1CE69AF021DA458F00B9FE4A /* RecommendsCollectionViewCell.swift in Sources */,
				1CE69AE321DA43B900B9FE4A /* CategoryViewController.swift in Sources */,
				1CE69AED21DA457A00B9FE4A /* SearchResultsViewController.swift in Sources */,
				1CA5877521E5EAED002B60F2 /* BaseSignupViewController.swift in Sources */,
				1CE69AEC21DA457A00B9FE4A /* ChoiceViewController.swift in Sources */,
				1CE69AFF21DBCC3000B9FE4A /* ChatData.swift in Sources */,
				1CE69AE721DA43D000B9FE4A /* FavouriteViewController.swift in Sources */,
				1C858DB521C7877800900481 /* LoginViewController.swift in Sources */,
				1CE69AF921DBA47E00B9FE4A /* CherryButton.swift in Sources */,
				1C5AC80321E358090007827D /* PSwitchView.swift in Sources */,
				1CAC5A8B21E718C2002A0A4E /* SignupProfileSpecsViewController.swift in Sources */,
				1C5AC81921E37B7D0007827D /* SettingsData.swift in Sources */,
				1CB5433921DF473B00B37EAE /* SBJsonStreamWriterState.m in Sources */,
				1CB5430121DF44E300B37EAE /* QUrlReachablility.swift in Sources */,
				1CE69ACD21D9B8F100B9FE4A /* ChatViewController.swift in Sources */,
				1CC9B60421DC6DD4008C22B8 /* BaseMainViewController.swift in Sources */,
				1C03841721D090F20024C3B3 /* RecommendData.swift in Sources */,
				1CB5433821DF473B00B37EAE /* SBJsonStreamWriterAccumulator.m in Sources */,
				1CB5432E21DF473B00B37EAE /* NSObject+SBJson.m in Sources */,
				1C5AC82021E3A3EB0007827D /* BoardTableViewCell.swift in Sources */,
				1CE69AF521DB5CBB00B9FE4A /* ChatListViewController.swift in Sources */,
				1C03841121D002090024C3B3 /* BaseData.swift in Sources */,
				1CA5877F21E5F801002B60F2 /* SignupTermsDetailViewController.swift in Sources */,
				1CE69AF121DA458F00B9FE4A /* RecommendsViewController.swift in Sources */,
				1CAC5A9221E72344002A0A4E /* UserPayload.swift in Sources */,
				1CA5877921E5EDF8002B60F2 /* SignupTermsTableViewCell.swift in Sources */,
				1CB5430721DF472B00B37EAE /* Strings.swift in Sources */,
				1CB5433021DF473B00B37EAE /* SBJsonParser.m in Sources */,
				1C5AC83C21E4AFBE0007827D /* FindEmailPopupViewController.swift in Sources */,
				1C858DAD21C7818E00900481 /* LoadingIndicatorView.swift in Sources */,
				1CA5877321E5DE1A002B60F2 /* SignupGuideTableViewCell.swift in Sources */,
				1C03841E21D1DC1C0024C3B3 /* PictureData.swift in Sources */,
				1C5AC81E21E3A0F60007827D /* BoardData.swift in Sources */,
				1C03841921D09B220024C3B3 /* CircleIndicatorView.swift in Sources */,
				1CA5878F21E6FAFA002B60F2 /* BaseSignupStepsViewController.swift in Sources */,
				1C03841C21D1CDE80024C3B3 /* UserProfileViewController.swift in Sources */,
				1CC9B5F221DC52B8008C22B8 /* MyPageViewController.swift in Sources */,
				1CA5878921E63594002B60F2 /* SignupProfileViewController.swift in Sources */,
				1C5AC83121E497BA0007827D /* IntroViewController.swift in Sources */,
				1CE69AE621DA43D000B9FE4A /* FavouriteCollectionViewCell.swift in Sources */,
				1CA5878B21E63775002B60F2 /* SignupNavigationViewController.swift in Sources */,
				1CE69AF421DB5CBB00B9FE4A /* ChatListTableViewCell.swift in Sources */,
				1CB5430021DF44E300B37EAE /* QUtils.swift in Sources */,
				1C858E5221C8F15F00900481 /* BaseNavigationController.swift in Sources */,
				1C858E5421C8F6EF00900481 /* ProfileButton.swift in Sources */,
				1C5AC80121E3568B0007827D /* SettingsViewController.swift in Sources */,
				1CA5877121E5DCF4002B60F2 /* SignupGuideViewController.swift in Sources */,
				1CAC5A8D21E71FC8002A0A4E /* SignupProfilePictureCollectionViewCell.swift in Sources */,
				1CB542FF21DF44E300B37EAE /* QImageMaker.swift in Sources */,
				1CB5430F21DF473300B37EAE /* Date.swift in Sources */,
				1C858E2C21C870F100900481 /* MainViewController.swift in Sources */,
				1CB542FD21DF44E300B37EAE /* QTextAttributes.swift in Sources */,
				1CE69AFD21DBCBF300B9FE4A /* ChatListData.swift in Sources */,
				1CB5431221DF473300B37EAE /* Application.swift in Sources */,
				1CA5878121E5F9A5002B60F2 /* TermsData.swift in Sources */,
				1CB5433A21DF473B00B37EAE /* SBJsonTokeniser.m in Sources */,
				1C03841321D0025F0024C3B3 /* UserData.swift in Sources */,
				1CB5433221DF473B00B37EAE /* SBJsonUTF8Stream.m in Sources */,
				1C858D8B21C7733D00900481 /* AppDelegate.swift in Sources */,
				1CA5878721E6173C002B60F2 /* SignupStepViewController.swift in Sources */,
				1CE69AEB21DA457A00B9FE4A /* SearchConditionViewController.swift in Sources */,
				1C5AC81C21E39C4B0007827D /* BoardViewController.swift in Sources */,
				1CB5433121DF473B00B37EAE /* SBJsonStreamParserAccumulator.m in Sources */,
				1CB5431021DF473300B37EAE /* Others.swift in Sources */,
				1C858E2E21C870FE00900481 /* MainTabbarView.swift in Sources */,
				1CB5430821DF472B00B37EAE /* Defines.swift in Sources */,
				1CE69AF721DB71B200B9FE4A /* CategoryData.swift in Sources */,
				1CB5430221DF44E300B37EAE /* QHttpClient.swift in Sources */,
				1CB5433621DF473B00B37EAE /* SBJsonStreamParserAdapter.m in Sources */,
				1CB5433321DF473B00B37EAE /* SBJsonStreamParserState.m in Sources */,
				1CA5879121E6FCD8002B60F2 /* SignupProfileEntryView.swift in Sources */,
				1CA5876E21E5D8BD002B60F2 /* AlertPopupViewController.swift in Sources */,
				1CE69AB821D91C6A00B9FE4A /* UserProfileTableViewCell.swift in Sources */,
				1CE69AA021D5AF6200B9FE4A /* BarIndicatorView.swift in Sources */,
				1CB5431121DF473300B37EAE /* Image.swift in Sources */,
				1C858DA921C7813100900481 /* BaseViewController.swift in Sources */,
				1CB5433521DF473B00B37EAE /* SBJsonStreamWriter.m in Sources */,
				1C5AC83A21E4AF520007827D /* BasePopupViewController.swift in Sources */,
				1CC9B60221DC537F008C22B8 /* MyPageTableViewCell.swift in Sources */,
				1CA5878321E5FEB1002B60F2 /* SignupIdVieWController.swift in Sources */,
				1C5AC81721E35D900007827D /* SettingsTableViewCell.swift in Sources */,
				1CE69ACF21D9B8FE00B9FE4A /* ChatTableViewCell.swift in Sources */,
				1CA5878D21E6DB79002B60F2 /* SignupNavigationBarView.swift in Sources */,
				1CE69AFB21DBC08900B9FE4A /* ChatListSegmentView.swift in Sources */,
				1CB5430921DF472B00B37EAE /* Urls.swift in Sources */,
				1CE69AE221DA43B900B9FE4A /* CategoryTableViewCell.swift in Sources */,
				1CB5432F21DF473B00B37EAE /* SBJsonStreamParser.m in Sources */,
			);
			runOnlyForDeploymentPostprocessing = 0;
		};
/* End PBXSourcesBuildPhase section */

/* Begin PBXVariantGroup section */
		1C858D9321C7733F00900481 /* LaunchScreen.storyboard */ = {
			isa = PBXVariantGroup;
			children = (
				1C858D9421C7733F00900481 /* Base */,
			);
			name = LaunchScreen.storyboard;
			sourceTree = "<group>";
		};
/* End PBXVariantGroup section */

/* Begin XCBuildConfiguration section */
		1C858D9721C7733F00900481 /* Debug */ = {
			isa = XCBuildConfiguration;
			buildSettings = {
				ALWAYS_SEARCH_USER_PATHS = NO;
				CLANG_ANALYZER_NONNULL = YES;
				CLANG_ANALYZER_NUMBER_OBJECT_CONVERSION = YES_AGGRESSIVE;
				CLANG_CXX_LANGUAGE_STANDARD = "gnu++14";
				CLANG_CXX_LIBRARY = "libc++";
				CLANG_ENABLE_MODULES = YES;
				CLANG_ENABLE_OBJC_ARC = YES;
				CLANG_ENABLE_OBJC_WEAK = YES;
				CLANG_WARN_BLOCK_CAPTURE_AUTORELEASING = YES;
				CLANG_WARN_BOOL_CONVERSION = YES;
				CLANG_WARN_COMMA = YES;
				CLANG_WARN_CONSTANT_CONVERSION = YES;
				CLANG_WARN_DEPRECATED_OBJC_IMPLEMENTATIONS = YES;
				CLANG_WARN_DIRECT_OBJC_ISA_USAGE = YES_ERROR;
				CLANG_WARN_DOCUMENTATION_COMMENTS = YES;
				CLANG_WARN_EMPTY_BODY = YES;
				CLANG_WARN_ENUM_CONVERSION = YES;
				CLANG_WARN_INFINITE_RECURSION = YES;
				CLANG_WARN_INT_CONVERSION = YES;
				CLANG_WARN_NON_LITERAL_NULL_CONVERSION = YES;
				CLANG_WARN_OBJC_IMPLICIT_RETAIN_SELF = YES;
				CLANG_WARN_OBJC_LITERAL_CONVERSION = YES;
				CLANG_WARN_OBJC_ROOT_CLASS = YES_ERROR;
				CLANG_WARN_RANGE_LOOP_ANALYSIS = YES;
				CLANG_WARN_STRICT_PROTOTYPES = YES;
				CLANG_WARN_SUSPICIOUS_MOVE = YES;
				CLANG_WARN_UNGUARDED_AVAILABILITY = YES_AGGRESSIVE;
				CLANG_WARN_UNREACHABLE_CODE = YES;
				CLANG_WARN__DUPLICATE_METHOD_MATCH = YES;
				CODE_SIGN_IDENTITY = "iPhone Developer";
				COPY_PHASE_STRIP = NO;
				DEBUG_INFORMATION_FORMAT = dwarf;
				ENABLE_STRICT_OBJC_MSGSEND = YES;
				ENABLE_TESTABILITY = YES;
				GCC_C_LANGUAGE_STANDARD = gnu11;
				GCC_DYNAMIC_NO_PIC = NO;
				GCC_NO_COMMON_BLOCKS = YES;
				GCC_OPTIMIZATION_LEVEL = 0;
				GCC_PREPROCESSOR_DEFINITIONS = (
					"DEBUG=1",
					"$(inherited)",
				);
				GCC_WARN_64_TO_32_BIT_CONVERSION = YES;
				GCC_WARN_ABOUT_RETURN_TYPE = YES_ERROR;
				GCC_WARN_UNDECLARED_SELECTOR = YES;
				GCC_WARN_UNINITIALIZED_AUTOS = YES_AGGRESSIVE;
				GCC_WARN_UNUSED_FUNCTION = YES;
				GCC_WARN_UNUSED_VARIABLE = YES;
				IPHONEOS_DEPLOYMENT_TARGET = 12.1;
				MTL_ENABLE_DEBUG_INFO = INCLUDE_SOURCE;
				MTL_FAST_MATH = YES;
				ONLY_ACTIVE_ARCH = YES;
				SDKROOT = iphoneos;
				SWIFT_ACTIVE_COMPILATION_CONDITIONS = DEBUG;
				SWIFT_OPTIMIZATION_LEVEL = "-Onone";
			};
			name = Debug;
		};
		1C858D9821C7733F00900481 /* Release */ = {
			isa = XCBuildConfiguration;
			buildSettings = {
				ALWAYS_SEARCH_USER_PATHS = NO;
				CLANG_ANALYZER_NONNULL = YES;
				CLANG_ANALYZER_NUMBER_OBJECT_CONVERSION = YES_AGGRESSIVE;
				CLANG_CXX_LANGUAGE_STANDARD = "gnu++14";
				CLANG_CXX_LIBRARY = "libc++";
				CLANG_ENABLE_MODULES = YES;
				CLANG_ENABLE_OBJC_ARC = YES;
				CLANG_ENABLE_OBJC_WEAK = YES;
				CLANG_WARN_BLOCK_CAPTURE_AUTORELEASING = YES;
				CLANG_WARN_BOOL_CONVERSION = YES;
				CLANG_WARN_COMMA = YES;
				CLANG_WARN_CONSTANT_CONVERSION = YES;
				CLANG_WARN_DEPRECATED_OBJC_IMPLEMENTATIONS = YES;
				CLANG_WARN_DIRECT_OBJC_ISA_USAGE = YES_ERROR;
				CLANG_WARN_DOCUMENTATION_COMMENTS = YES;
				CLANG_WARN_EMPTY_BODY = YES;
				CLANG_WARN_ENUM_CONVERSION = YES;
				CLANG_WARN_INFINITE_RECURSION = YES;
				CLANG_WARN_INT_CONVERSION = YES;
				CLANG_WARN_NON_LITERAL_NULL_CONVERSION = YES;
				CLANG_WARN_OBJC_IMPLICIT_RETAIN_SELF = YES;
				CLANG_WARN_OBJC_LITERAL_CONVERSION = YES;
				CLANG_WARN_OBJC_ROOT_CLASS = YES_ERROR;
				CLANG_WARN_RANGE_LOOP_ANALYSIS = YES;
				CLANG_WARN_STRICT_PROTOTYPES = YES;
				CLANG_WARN_SUSPICIOUS_MOVE = YES;
				CLANG_WARN_UNGUARDED_AVAILABILITY = YES_AGGRESSIVE;
				CLANG_WARN_UNREACHABLE_CODE = YES;
				CLANG_WARN__DUPLICATE_METHOD_MATCH = YES;
				CODE_SIGN_IDENTITY = "iPhone Developer";
				COPY_PHASE_STRIP = NO;
				DEBUG_INFORMATION_FORMAT = "dwarf-with-dsym";
				ENABLE_NS_ASSERTIONS = NO;
				ENABLE_STRICT_OBJC_MSGSEND = YES;
				GCC_C_LANGUAGE_STANDARD = gnu11;
				GCC_NO_COMMON_BLOCKS = YES;
				GCC_WARN_64_TO_32_BIT_CONVERSION = YES;
				GCC_WARN_ABOUT_RETURN_TYPE = YES_ERROR;
				GCC_WARN_UNDECLARED_SELECTOR = YES;
				GCC_WARN_UNINITIALIZED_AUTOS = YES_AGGRESSIVE;
				GCC_WARN_UNUSED_FUNCTION = YES;
				GCC_WARN_UNUSED_VARIABLE = YES;
				IPHONEOS_DEPLOYMENT_TARGET = 12.1;
				MTL_ENABLE_DEBUG_INFO = NO;
				MTL_FAST_MATH = YES;
				SDKROOT = iphoneos;
				SWIFT_COMPILATION_MODE = wholemodule;
				SWIFT_OPTIMIZATION_LEVEL = "-O";
				VALIDATE_PRODUCT = YES;
			};
			name = Release;
		};
		1C858D9A21C7733F00900481 /* Debug */ = {
			isa = XCBuildConfiguration;
			baseConfigurationReference = 579E473861F96E77E3FC3C6A /* Pods-Percent.debug.xcconfig */;
			buildSettings = {
				ASSETCATALOG_COMPILER_APPICON_NAME = AppIcon;
				CLANG_ENABLE_MODULES = YES;
				CODE_SIGN_STYLE = Automatic;
				DEVELOPMENT_TEAM = ZG2TN24ADM;
				INFOPLIST_FILE = Percent/Info.plist;
				IPHONEOS_DEPLOYMENT_TARGET = 11.0;
				LD_RUNPATH_SEARCH_PATHS = (
					"$(inherited)",
					"@executable_path/Frameworks",
				);
				PRODUCT_BUNDLE_IDENTIFIER = com.bossofdating.Percent;
				PRODUCT_NAME = "$(TARGET_NAME)";
				SWIFT_OBJC_BRIDGING_HEADER = "Percent/Percent-Bridging-Header.h";
				SWIFT_OPTIMIZATION_LEVEL = "-Onone";
				SWIFT_VERSION = 4.2;
				TARGETED_DEVICE_FAMILY = 1;
			};
			name = Debug;
		};
		1C858D9B21C7733F00900481 /* Release */ = {
			isa = XCBuildConfiguration;
			baseConfigurationReference = B48DA5DDBD56796492444F66 /* Pods-Percent.release.xcconfig */;
			buildSettings = {
				ASSETCATALOG_COMPILER_APPICON_NAME = AppIcon;
				CLANG_ENABLE_MODULES = YES;
				CODE_SIGN_STYLE = Automatic;
				DEVELOPMENT_TEAM = ZG2TN24ADM;
				INFOPLIST_FILE = Percent/Info.plist;
				IPHONEOS_DEPLOYMENT_TARGET = 11.0;
				LD_RUNPATH_SEARCH_PATHS = (
					"$(inherited)",
					"@executable_path/Frameworks",
				);
				PRODUCT_BUNDLE_IDENTIFIER = com.bossofdating.Percent;
				PRODUCT_NAME = "$(TARGET_NAME)";
				SWIFT_OBJC_BRIDGING_HEADER = "Percent/Percent-Bridging-Header.h";
				SWIFT_VERSION = 4.2;
				TARGETED_DEVICE_FAMILY = 1;
			};
			name = Release;
		};
/* End XCBuildConfiguration section */

/* Begin XCConfigurationList section */
		1C858D8221C7733D00900481 /* Build configuration list for PBXProject "Percent" */ = {
			isa = XCConfigurationList;
			buildConfigurations = (
				1C858D9721C7733F00900481 /* Debug */,
				1C858D9821C7733F00900481 /* Release */,
			);
			defaultConfigurationIsVisible = 0;
			defaultConfigurationName = Release;
		};
		1C858D9921C7733F00900481 /* Build configuration list for PBXNativeTarget "Percent" */ = {
			isa = XCConfigurationList;
			buildConfigurations = (
				1C858D9A21C7733F00900481 /* Debug */,
				1C858D9B21C7733F00900481 /* Release */,
			);
			defaultConfigurationIsVisible = 0;
			defaultConfigurationName = Release;
		};
/* End XCConfigurationList section */
	};
	rootObject = 1C858D7F21C7733D00900481 /* Project object */;
}
